// !$*UTF8*$!
{
	archiveVersion = 1;
	classes = {
	};
	objectVersion = 50;
	objects = {

/* Begin PBXBuildFile section */
		AC190CE120CBEF8300CE9DA5 /* ssss.swift in Sources */ = {isa = PBXBuildFile; fileRef = AC190CE020CBEF8300CE9DA5 /* ssss.swift */; };
		AC190CE320CBF03300CE9DA5 /* sff.swift in Sources */ = {isa = PBXBuildFile; fileRef = AC190CE220CBF03300CE9DA5 /* sff.swift */; };
		AC190CE520CBF05A00CE9DA5 /* 1111111.swift in Sources */ = {isa = PBXBuildFile; fileRef = AC190CE420CBF05A00CE9DA5 /* 1111111.swift */; };
		AC190CE720CD6AC200CE9DA5 /* 2018年06月10日22:18:37.swift in Sources */ = {isa = PBXBuildFile; fileRef = AC190CE620CD6AC200CE9DA5 /* 2018年06月10日22:18:37.swift */; };
		AC190CEF20CE599B00CE9DA5 /* 111222.swift in Sources */ = {isa = PBXBuildFile; fileRef = AC190CEE20CE599B00CE9DA5 /* 111222.swift */; };
		AC79B9B020CF5455009A815F /* 加载本地json.swift in Sources */ = {isa = PBXBuildFile; fileRef = AC79B9AF20CF5455009A815F /* 加载本地json.swift */; };
		AC7D7B5A20BEE5BB00E79E71 /* AppDelegate.swift in Sources */ = {isa = PBXBuildFile; fileRef = AC7D7B5920BEE5BB00E79E71 /* AppDelegate.swift */; };
		AC7D7B5C20BEE5BB00E79E71 /* ViewController.swift in Sources */ = {isa = PBXBuildFile; fileRef = AC7D7B5B20BEE5BB00E79E71 /* ViewController.swift */; };
		AC7D7B5F20BEE5BB00E79E71 /* Main.storyboard in Resources */ = {isa = PBXBuildFile; fileRef = AC7D7B5D20BEE5BB00E79E71 /* Main.storyboard */; };
		AC7D7B6120BEE5BD00E79E71 /* Assets.xcassets in Resources */ = {isa = PBXBuildFile; fileRef = AC7D7B6020BEE5BD00E79E71 /* Assets.xcassets */; };
		AC7D7B6420BEE5BD00E79E71 /* LaunchScreen.storyboard in Resources */ = {isa = PBXBuildFile; fileRef = AC7D7B6220BEE5BD00E79E71 /* LaunchScreen.storyboard */; };
		AC7D7B6F20BEE5BD00E79E71 /* myswiftTestTests.swift in Sources */ = {isa = PBXBuildFile; fileRef = AC7D7B6E20BEE5BD00E79E71 /* myswiftTestTests.swift */; };
		AC7D7B7A20BEE5BD00E79E71 /* myswiftTestUITests.swift in Sources */ = {isa = PBXBuildFile; fileRef = AC7D7B7920BEE5BD00E79E71 /* myswiftTestUITests.swift */; };
		AC7D7B8820C2AF6600E79E71 /* Student.swift in Sources */ = {isa = PBXBuildFile; fileRef = AC7D7B8720C2AF6600E79E71 /* Student.swift */; };
		AC99BA5320C3CCF200F67640 /* MyHttpTools.swift in Sources */ = {isa = PBXBuildFile; fileRef = AC99BA5220C3CCF200F67640 /* MyHttpTools.swift */; };
		AC99BA5520C3D11000F67640 /* MYViewController.swift in Sources */ = {isa = PBXBuildFile; fileRef = AC99BA5420C3D11000F67640 /* MYViewController.swift */; };
/* End PBXBuildFile section */

/* Begin PBXContainerItemProxy section */
		AC7D7B6B20BEE5BD00E79E71 /* PBXContainerItemProxy */ = {
			isa = PBXContainerItemProxy;
			containerPortal = AC7D7B4E20BEE5BB00E79E71 /* Project object */;
			proxyType = 1;
			remoteGlobalIDString = AC7D7B5520BEE5BB00E79E71;
			remoteInfo = myswiftTest;
		};
		AC7D7B7620BEE5BD00E79E71 /* PBXContainerItemProxy */ = {
			isa = PBXContainerItemProxy;
			containerPortal = AC7D7B4E20BEE5BB00E79E71 /* Project object */;
			proxyType = 1;
			remoteGlobalIDString = AC7D7B5520BEE5BB00E79E71;
			remoteInfo = myswiftTest;
		};
/* End PBXContainerItemProxy section */

/* Begin PBXFileReference section */
		AC190CE020CBEF8300CE9DA5 /* ssss.swift */ = {isa = PBXFileReference; lastKnownFileType = sourcecode.swift; path = ssss.swift; sourceTree = "<group>"; };
		AC190CE220CBF03300CE9DA5 /* sff.swift */ = {isa = PBXFileReference; lastKnownFileType = sourcecode.swift; path = sff.swift; sourceTree = "<group>"; };
		AC190CE420CBF05A00CE9DA5 /* 1111111.swift */ = {isa = PBXFileReference; lastKnownFileType = sourcecode.swift; path = 1111111.swift; sourceTree = "<group>"; };
		AC190CE620CD6AC200CE9DA5 /* 2018年06月10日22:18:37.swift */ = {isa = PBXFileReference; lastKnownFileType = sourcecode.swift; path = "2018年06月10日22:18:37.swift"; sourceTree = "<group>"; };
		AC190CEE20CE599B00CE9DA5 /* 111222.swift */ = {isa = PBXFileReference; lastKnownFileType = sourcecode.swift; path = 111222.swift; sourceTree = "<group>"; };
		AC79B9AF20CF5455009A815F /* 加载本地json.swift */ = {isa = PBXFileReference; lastKnownFileType = sourcecode.swift; path = "加载本地json.swift"; sourceTree = "<group>"; };
		AC7D7B5620BEE5BB00E79E71 /* myswiftTest.app */ = {isa = PBXFileReference; explicitFileType = wrapper.application; includeInIndex = 0; path = myswiftTest.app; sourceTree = BUILT_PRODUCTS_DIR; };
		AC7D7B5920BEE5BB00E79E71 /* AppDelegate.swift */ = {isa = PBXFileReference; lastKnownFileType = sourcecode.swift; path = AppDelegate.swift; sourceTree = "<group>"; };
		AC7D7B5B20BEE5BB00E79E71 /* ViewController.swift */ = {isa = PBXFileReference; lastKnownFileType = sourcecode.swift; path = ViewController.swift; sourceTree = "<group>"; };
		AC7D7B5E20BEE5BB00E79E71 /* Base */ = {isa = PBXFileReference; lastKnownFileType = file.storyboard; name = Base; path = Base.lproj/Main.storyboard; sourceTree = "<group>"; };
		AC7D7B6020BEE5BD00E79E71 /* Assets.xcassets */ = {isa = PBXFileReference; lastKnownFileType = folder.assetcatalog; path = Assets.xcassets; sourceTree = "<group>"; };
		AC7D7B6320BEE5BD00E79E71 /* Base */ = {isa = PBXFileReference; lastKnownFileType = file.storyboard; name = Base; path = Base.lproj/LaunchScreen.storyboard; sourceTree = "<group>"; };
		AC7D7B6520BEE5BD00E79E71 /* Info.plist */ = {isa = PBXFileReference; lastKnownFileType = text.plist.xml; path = Info.plist; sourceTree = "<group>"; };
		AC7D7B6A20BEE5BD00E79E71 /* myswiftTestTests.xctest */ = {isa = PBXFileReference; explicitFileType = wrapper.cfbundle; includeInIndex = 0; path = myswiftTestTests.xctest; sourceTree = BUILT_PRODUCTS_DIR; };
		AC7D7B6E20BEE5BD00E79E71 /* myswiftTestTests.swift */ = {isa = PBXFileReference; lastKnownFileType = sourcecode.swift; path = myswiftTestTests.swift; sourceTree = "<group>"; };
		AC7D7B7020BEE5BD00E79E71 /* Info.plist */ = {isa = PBXFileReference; lastKnownFileType = text.plist.xml; path = Info.plist; sourceTree = "<group>"; };
		AC7D7B7520BEE5BD00E79E71 /* myswiftTestUITests.xctest */ = {isa = PBXFileReference; explicitFileType = wrapper.cfbundle; includeInIndex = 0; path = myswiftTestUITests.xctest; sourceTree = BUILT_PRODUCTS_DIR; };
		AC7D7B7920BEE5BD00E79E71 /* myswiftTestUITests.swift */ = {isa = PBXFileReference; lastKnownFileType = sourcecode.swift; path = myswiftTestUITests.swift; sourceTree = "<group>"; };
		AC7D7B7B20BEE5BD00E79E71 /* Info.plist */ = {isa = PBXFileReference; lastKnownFileType = text.plist.xml; path = Info.plist; sourceTree = "<group>"; };
		AC7D7B8720C2AF6600E79E71 /* Student.swift */ = {isa = PBXFileReference; lastKnownFileType = sourcecode.swift; path = Student.swift; sourceTree = "<group>"; };
		AC99BA5220C3CCF200F67640 /* MyHttpTools.swift */ = {isa = PBXFileReference; lastKnownFileType = sourcecode.swift; path = MyHttpTools.swift; sourceTree = "<group>"; };
		AC99BA5420C3D11000F67640 /* MYViewController.swift */ = {isa = PBXFileReference; lastKnownFileType = sourcecode.swift; path = MYViewController.swift; sourceTree = "<group>"; };
/* End PBXFileReference section */

/* Begin PBXFrameworksBuildPhase section */
		AC7D7B5320BEE5BB00E79E71 /* Frameworks */ = {
			isa = PBXFrameworksBuildPhase;
			buildActionMask = 2147483647;
			files = (
			);
			runOnlyForDeploymentPostprocessing = 0;
		};
		AC7D7B6720BEE5BD00E79E71 /* Frameworks */ = {
			isa = PBXFrameworksBuildPhase;
			buildActionMask = 2147483647;
			files = (
			);
			runOnlyForDeploymentPostprocessing = 0;
		};
		AC7D7B7220BEE5BD00E79E71 /* Frameworks */ = {
			isa = PBXFrameworksBuildPhase;
			buildActionMask = 2147483647;
			files = (
			);
			runOnlyForDeploymentPostprocessing = 0;
		};
/* End PBXFrameworksBuildPhase section */

/* Begin PBXGroup section */
		AC7D7B4D20BEE5BB00E79E71 = {
			isa = PBXGroup;
			children = (
				AC7D7B5820BEE5BB00E79E71 /* myswiftTest */,
				AC7D7B6D20BEE5BD00E79E71 /* myswiftTestTests */,
				AC7D7B7820BEE5BD00E79E71 /* myswiftTestUITests */,
				AC7D7B5720BEE5BB00E79E71 /* Products */,
			);
			sourceTree = "<group>";
		};
		AC7D7B5720BEE5BB00E79E71 /* Products */ = {
			isa = PBXGroup;
			children = (
				AC7D7B5620BEE5BB00E79E71 /* myswiftTest.app */,
				AC7D7B6A20BEE5BD00E79E71 /* myswiftTestTests.xctest */,
				AC7D7B7520BEE5BD00E79E71 /* myswiftTestUITests.xctest */,
			);
			name = Products;
			sourceTree = "<group>";
		};
		AC7D7B5820BEE5BB00E79E71 /* myswiftTest */ = {
			isa = PBXGroup;
			children = (
				AC7D7B5920BEE5BB00E79E71 /* AppDelegate.swift */,
				AC7D7B8720C2AF6600E79E71 /* Student.swift */,
				AC7D7B5B20BEE5BB00E79E71 /* ViewController.swift */,
				AC190CE020CBEF8300CE9DA5 /* ssss.swift */,
				AC99BA5420C3D11000F67640 /* MYViewController.swift */,
				AC190CE220CBF03300CE9DA5 /* sff.swift */,
				AC99BA5220C3CCF200F67640 /* MyHttpTools.swift */,
				AC190CE420CBF05A00CE9DA5 /* 1111111.swift */,
				AC190CEE20CE599B00CE9DA5 /* 111222.swift */,
				AC79B9AF20CF5455009A815F /* 加载本地json.swift */,
				AC190CE620CD6AC200CE9DA5 /* 2018年06月10日22:18:37.swift */,
				AC7D7B5D20BEE5BB00E79E71 /* Main.storyboard */,
				AC7D7B6020BEE5BD00E79E71 /* Assets.xcassets */,
				AC7D7B6220BEE5BD00E79E71 /* LaunchScreen.storyboard */,
				AC7D7B6520BEE5BD00E79E71 /* Info.plist */,
			);
			path = myswiftTest;
			sourceTree = "<group>";
		};
		AC7D7B6D20BEE5BD00E79E71 /* myswiftTestTests */ = {
			isa = PBXGroup;
			children = (
				AC7D7B6E20BEE5BD00E79E71 /* myswiftTestTests.swift */,
				AC7D7B7020BEE5BD00E79E71 /* Info.plist */,
			);
			path = myswiftTestTests;
			sourceTree = "<group>";
		};
		AC7D7B7820BEE5BD00E79E71 /* myswiftTestUITests */ = {
			isa = PBXGroup;
			children = (
				AC7D7B7920BEE5BD00E79E71 /* myswiftTestUITests.swift */,
				AC7D7B7B20BEE5BD00E79E71 /* Info.plist */,
			);
			path = myswiftTestUITests;
			sourceTree = "<group>";
		};
/* End PBXGroup section */

/* Begin PBXNativeTarget section */
		AC7D7B5520BEE5BB00E79E71 /* myswiftTest */ = {
			isa = PBXNativeTarget;
			buildConfigurationList = AC7D7B7E20BEE5BD00E79E71 /* Build configuration list for PBXNativeTarget "myswiftTest" */;
			buildPhases = (
				AC7D7B5220BEE5BB00E79E71 /* Sources */,
				AC7D7B5320BEE5BB00E79E71 /* Frameworks */,
				AC7D7B5420BEE5BB00E79E71 /* Resources */,
			);
			buildRules = (
			);
			dependencies = (
			);
			name = myswiftTest;
			productName = myswiftTest;
			productReference = AC7D7B5620BEE5BB00E79E71 /* myswiftTest.app */;
			productType = "com.apple.product-type.application";
		};
		AC7D7B6920BEE5BD00E79E71 /* myswiftTestTests */ = {
			isa = PBXNativeTarget;
			buildConfigurationList = AC7D7B8120BEE5BD00E79E71 /* Build configuration list for PBXNativeTarget "myswiftTestTests" */;
			buildPhases = (
				AC7D7B6620BEE5BD00E79E71 /* Sources */,
				AC7D7B6720BEE5BD00E79E71 /* Frameworks */,
				AC7D7B6820BEE5BD00E79E71 /* Resources */,
			);
			buildRules = (
			);
			dependencies = (
				AC7D7B6C20BEE5BD00E79E71 /* PBXTargetDependency */,
			);
			name = myswiftTestTests;
			productName = myswiftTestTests;
			productReference = AC7D7B6A20BEE5BD00E79E71 /* myswiftTestTests.xctest */;
			productType = "com.apple.product-type.bundle.unit-test";
		};
		AC7D7B7420BEE5BD00E79E71 /* myswiftTestUITests */ = {
			isa = PBXNativeTarget;
			buildConfigurationList = AC7D7B8420BEE5BD00E79E71 /* Build configuration list for PBXNativeTarget "myswiftTestUITests" */;
			buildPhases = (
				AC7D7B7120BEE5BD00E79E71 /* Sources */,
				AC7D7B7220BEE5BD00E79E71 /* Frameworks */,
				AC7D7B7320BEE5BD00E79E71 /* Resources */,
			);
			buildRules = (
			);
			dependencies = (
				AC7D7B7720BEE5BD00E79E71 /* PBXTargetDependency */,
			);
			name = myswiftTestUITests;
			productName = myswiftTestUITests;
			productReference = AC7D7B7520BEE5BD00E79E71 /* myswiftTestUITests.xctest */;
			productType = "com.apple.product-type.bundle.ui-testing";
		};
/* End PBXNativeTarget section */

/* Begin PBXProject section */
		AC7D7B4E20BEE5BB00E79E71 /* Project object */ = {
			isa = PBXProject;
			attributes = {
				LastSwiftUpdateCheck = 0930;
				LastUpgradeCheck = 0930;
				ORGANIZATIONNAME = codew;
				TargetAttributes = {
					AC7D7B5520BEE5BB00E79E71 = {
						CreatedOnToolsVersion = 9.3.1;
					};
					AC7D7B6920BEE5BD00E79E71 = {
						CreatedOnToolsVersion = 9.3.1;
						TestTargetID = AC7D7B5520BEE5BB00E79E71;
					};
					AC7D7B7420BEE5BD00E79E71 = {
						CreatedOnToolsVersion = 9.3.1;
						TestTargetID = AC7D7B5520BEE5BB00E79E71;
					};
				};
			};
			buildConfigurationList = AC7D7B5120BEE5BB00E79E71 /* Build configuration list for PBXProject "myswiftTest" */;
			compatibilityVersion = "Xcode 9.3";
			developmentRegion = en;
			hasScannedForEncodings = 0;
			knownRegions = (
				en,
				Base,
			);
			mainGroup = AC7D7B4D20BEE5BB00E79E71;
			productRefGroup = AC7D7B5720BEE5BB00E79E71 /* Products */;
			projectDirPath = "";
			projectRoot = "";
			targets = (
				AC7D7B5520BEE5BB00E79E71 /* myswiftTest */,
				AC7D7B6920BEE5BD00E79E71 /* myswiftTestTests */,
				AC7D7B7420BEE5BD00E79E71 /* myswiftTestUITests */,
			);
		};
/* End PBXProject section */

/* Begin PBXResourcesBuildPhase section */
		AC7D7B5420BEE5BB00E79E71 /* Resources */ = {
			isa = PBXResourcesBuildPhase;
			buildActionMask = 2147483647;
			files = (
				AC7D7B6420BEE5BD00E79E71 /* LaunchScreen.storyboard in Resources */,
				AC7D7B6120BEE5BD00E79E71 /* Assets.xcassets in Resources */,
				AC7D7B5F20BEE5BB00E79E71 /* Main.storyboard in Resources */,
			);
			runOnlyForDeploymentPostprocessing = 0;
		};
		AC7D7B6820BEE5BD00E79E71 /* Resources */ = {
			isa = PBXResourcesBuildPhase;
			buildActionMask = 2147483647;
			files = (
			);
			runOnlyForDeploymentPostprocessing = 0;
		};
		AC7D7B7320BEE5BD00E79E71 /* Resources */ = {
			isa = PBXResourcesBuildPhase;
			buildActionMask = 2147483647;
			files = (
			);
			runOnlyForDeploymentPostprocessing = 0;
		};
/* End PBXResourcesBuildPhase section */

/* Begin PBXSourcesBuildPhase section */
		AC7D7B5220BEE5BB00E79E71 /* Sources */ = {
			isa = PBXSourcesBuildPhase;
			buildActionMask = 2147483647;
			files = (
				AC7D7B5C20BEE5BB00E79E71 /* ViewController.swift in Sources */,
				AC7D7B8820C2AF6600E79E71 /* Student.swift in Sources */,
				AC7D7B5A20BEE5BB00E79E71 /* AppDelegate.swift in Sources */,
				AC79B9B020CF5455009A815F /* 加载本地json.swift in Sources */,
				AC190CE720CD6AC200CE9DA5 /* 2018年06月10日22:18:37.swift in Sources */,
				AC190CEF20CE599B00CE9DA5 /* 111222.swift in Sources */,
				AC99BA5520C3D11000F67640 /* MYViewController.swift in Sources */,
				AC190CE320CBF03300CE9DA5 /* sff.swift in Sources */,
				AC99BA5320C3CCF200F67640 /* MyHttpTools.swift in Sources */,
				AC190CE120CBEF8300CE9DA5 /* ssss.swift in Sources */,
				AC190CE520CBF05A00CE9DA5 /* 1111111.swift in Sources */,
			);
			runOnlyForDeploymentPostprocessing = 0;
		};
		AC7D7B6620BEE5BD00E79E71 /* Sources */ = {
			isa = PBXSourcesBuildPhase;
			buildActionMask = 2147483647;
			files = (
				AC7D7B6F20BEE5BD00E79E71 /* myswiftTestTests.swift in Sources */,
			);
			runOnlyForDeploymentPostprocessing = 0;
		};
		AC7D7B7120BEE5BD00E79E71 /* Sources */ = {
			isa = PBXSourcesBuildPhase;
			buildActionMask = 2147483647;
			files = (
				AC7D7B7A20BEE5BD00E79E71 /* myswiftTestUITests.swift in Sources */,
			);
			runOnlyForDeploymentPostprocessing = 0;
		};
/* End PBXSourcesBuildPhase section */

/* Begin PBXTargetDependency section */
		AC7D7B6C20BEE5BD00E79E71 /* PBXTargetDependency */ = {
			isa = PBXTargetDependency;
			target = AC7D7B5520BEE5BB00E79E71 /* myswiftTest */;
			targetProxy = AC7D7B6B20BEE5BD00E79E71 /* PBXContainerItemProxy */;
		};
		AC7D7B7720BEE5BD00E79E71 /* PBXTargetDependency */ = {
			isa = PBXTargetDependency;
			target = AC7D7B5520BEE5BB00E79E71 /* myswiftTest */;
			targetProxy = AC7D7B7620BEE5BD00E79E71 /* PBXContainerItemProxy */;
		};
/* End PBXTargetDependency section */

/* Begin PBXVariantGroup section */
		AC7D7B5D20BEE5BB00E79E71 /* Main.storyboard */ = {
			isa = PBXVariantGroup;
			children = (
				AC7D7B5E20BEE5BB00E79E71 /* Base */,
			);
			name = Main.storyboard;
			sourceTree = "<group>";
		};
		AC7D7B6220BEE5BD00E79E71 /* LaunchScreen.storyboard */ = {
			isa = PBXVariantGroup;
			children = (
				AC7D7B6320BEE5BD00E79E71 /* Base */,
			);
			name = LaunchScreen.storyboard;
			sourceTree = "<group>";
		};
/* End PBXVariantGroup section */

/* Begin XCBuildConfiguration section */
		AC7D7B7C20BEE5BD00E79E71 /* Debug */ = {
			isa = XCBuildConfiguration;
			buildSettings = {
				ALWAYS_SEARCH_USER_PATHS = NO;
				CLANG_ANALYZER_NONNULL = YES;
				CLANG_ANALYZER_NUMBER_OBJECT_CONVERSION = YES_AGGRESSIVE;
				CLANG_CXX_LANGUAGE_STANDARD = "gnu++14";
				CLANG_CXX_LIBRARY = "libc++";
				CLANG_ENABLE_MODULES = YES;
				CLANG_ENABLE_OBJC_ARC = YES;
				CLANG_ENABLE_OBJC_WEAK = YES;
				CLANG_WARN_BLOCK_CAPTURE_AUTORELEASING = YES;
				CLANG_WARN_BOOL_CONVERSION = YES;
				CLANG_WARN_COMMA = YES;
				CLANG_WARN_CONSTANT_CONVERSION = YES;
				CLANG_WARN_DEPRECATED_OBJC_IMPLEMENTATIONS = YES;
				CLANG_WARN_DIRECT_OBJC_ISA_USAGE = YES_ERROR;
				CLANG_WARN_DOCUMENTATION_COMMENTS = YES;
				CLANG_WARN_EMPTY_BODY = YES;
				CLANG_WARN_ENUM_CONVERSION = YES;
				CLANG_WARN_INFINITE_RECURSION = YES;
				CLANG_WARN_INT_CONVERSION = YES;
				CLANG_WARN_NON_LITERAL_NULL_CONVERSION = YES;
				CLANG_WARN_OBJC_IMPLICIT_RETAIN_SELF = YES;
				CLANG_WARN_OBJC_LITERAL_CONVERSION = YES;
				CLANG_WARN_OBJC_ROOT_CLASS = YES_ERROR;
				CLANG_WARN_RANGE_LOOP_ANALYSIS = YES;
				CLANG_WARN_STRICT_PROTOTYPES = YES;
				CLANG_WARN_SUSPICIOUS_MOVE = YES;
				CLANG_WARN_UNGUARDED_AVAILABILITY = YES_AGGRESSIVE;
				CLANG_WARN_UNREACHABLE_CODE = YES;
				CLANG_WARN__DUPLICATE_METHOD_MATCH = YES;
				CODE_SIGN_IDENTITY = "iPhone Developer";
				COPY_PHASE_STRIP = NO;
				DEBUG_INFORMATION_FORMAT = dwarf;
				ENABLE_STRICT_OBJC_MSGSEND = YES;
				ENABLE_TESTABILITY = YES;
				GCC_C_LANGUAGE_STANDARD = gnu11;
				GCC_DYNAMIC_NO_PIC = NO;
				GCC_NO_COMMON_BLOCKS = YES;
				GCC_OPTIMIZATION_LEVEL = 0;
				GCC_PREPROCESSOR_DEFINITIONS = (
					"DEBUG=1",
					"$(inherited)",
				);
				GCC_WARN_64_TO_32_BIT_CONVERSION = YES;
				GCC_WARN_ABOUT_RETURN_TYPE = YES_ERROR;
				GCC_WARN_UNDECLARED_SELECTOR = YES;
				GCC_WARN_UNINITIALIZED_AUTOS = YES_AGGRESSIVE;
				GCC_WARN_UNUSED_FUNCTION = YES;
				GCC_WARN_UNUSED_VARIABLE = YES;
				IPHONEOS_DEPLOYMENT_TARGET = 11.3;
				MTL_ENABLE_DEBUG_INFO = YES;
				ONLY_ACTIVE_ARCH = YES;
				SDKROOT = iphoneos;
				SWIFT_ACTIVE_COMPILATION_CONDITIONS = DEBUG;
				SWIFT_OPTIMIZATION_LEVEL = "-Onone";
			};
			name = Debug;
		};
		AC7D7B7D20BEE5BD00E79E71 /* Release */ = {
			isa = XCBuildConfiguration;
			buildSettings = {
				ALWAYS_SEARCH_USER_PATHS = NO;
				CLANG_ANALYZER_NONNULL = YES;
				CLANG_ANALYZER_NUMBER_OBJECT_CONVERSION = YES_AGGRESSIVE;
				CLANG_CXX_LANGUAGE_STANDARD = "gnu++14";
				CLANG_CXX_LIBRARY = "libc++";
				CLANG_ENABLE_MODULES = YES;
				CLANG_ENABLE_OBJC_ARC = YES;
				CLANG_ENABLE_OBJC_WEAK = YES;
				CLANG_WARN_BLOCK_CAPTURE_AUTORELEASING = YES;
				CLANG_WARN_BOOL_CONVERSION = YES;
				CLANG_WARN_COMMA = YES;
				CLANG_WARN_CONSTANT_CONVERSION = YES;
				CLANG_WARN_DEPRECATED_OBJC_IMPLEMENTATIONS = YES;
				CLANG_WARN_DIRECT_OBJC_ISA_USAGE = YES_ERROR;
				CLANG_WARN_DOCUMENTATION_COMMENTS = YES;
				CLANG_WARN_EMPTY_BODY = YES;
				CLANG_WARN_ENUM_CONVERSION = YES;
				CLANG_WARN_INFINITE_RECURSION = YES;
				CLANG_WARN_INT_CONVERSION = YES;
				CLANG_WARN_NON_LITERAL_NULL_CONVERSION = YES;
				CLANG_WARN_OBJC_IMPLICIT_RETAIN_SELF = YES;
				CLANG_WARN_OBJC_LITERAL_CONVERSION = YES;
				CLANG_WARN_OBJC_ROOT_CLASS = YES_ERROR;
				CLANG_WARN_RANGE_LOOP_ANALYSIS = YES;
				CLANG_WARN_STRICT_PROTOTYPES = YES;
				CLANG_WARN_SUSPICIOUS_MOVE = YES;
				CLANG_WARN_UNGUARDED_AVAILABILITY = YES_AGGRESSIVE;
				CLANG_WARN_UNREACHABLE_CODE = YES;
				CLANG_WARN__DUPLICATE_METHOD_MATCH = YES;
				CODE_SIGN_IDENTITY = "iPhone Developer";
				COPY_PHASE_STRIP = NO;
				DEBUG_INFORMATION_FORMAT = "dwarf-with-dsym";
				ENABLE_NS_ASSERTIONS = NO;
				ENABLE_STRICT_OBJC_MSGSEND = YES;
				GCC_C_LANGUAGE_STANDARD = gnu11;
				GCC_NO_COMMON_BLOCKS = YES;
				GCC_WARN_64_TO_32_BIT_CONVERSION = YES;
				GCC_WARN_ABOUT_RETURN_TYPE = YES_ERROR;
				GCC_WARN_UNDECLARED_SELECTOR = YES;
				GCC_WARN_UNINITIALIZED_AUTOS = YES_AGGRESSIVE;
				GCC_WARN_UNUSED_FUNCTION = YES;
				GCC_WARN_UNUSED_VARIABLE = YES;
				IPHONEOS_DEPLOYMENT_TARGET = 11.3;
				MTL_ENABLE_DEBUG_INFO = NO;
				SDKROOT = iphoneos;
				SWIFT_COMPILATION_MODE = wholemodule;
				SWIFT_OPTIMIZATION_LEVEL = "-O";
				VALIDATE_PRODUCT = YES;
			};
			name = Release;
		};
		AC7D7B7F20BEE5BD00E79E71 /* Debug */ = {
			isa = XCBuildConfiguration;
			buildSettings = {
				ASSETCATALOG_COMPILER_APPICON_NAME = AppIcon;
				CODE_SIGN_STYLE = Automatic;
				DEVELOPMENT_TEAM = UCS53FT3U9;
				INFOPLIST_FILE = myswiftTest/Info.plist;
				IPHONEOS_DEPLOYMENT_TARGET = 9.0;
				LD_RUNPATH_SEARCH_PATHS = (
					"$(inherited)",
					"@executable_path/Frameworks",
				);
				PRODUCT_BUNDLE_IDENTIFIER = com.codertomwu.myswiftTest;
				PRODUCT_NAME = "$(TARGET_NAME)";
				SWIFT_VERSION = 4.0;
				TARGETED_DEVICE_FAMILY = "1,2";
			};
			name = Debug;
		};
		AC7D7B8020BEE5BD00E79E71 /* Release */ = {
			isa = XCBuildConfiguration;
			buildSettings = {
				ASSETCATALOG_COMPILER_APPICON_NAME = AppIcon;
				CODE_SIGN_STYLE = Automatic;
				DEVELOPMENT_TEAM = UCS53FT3U9;
				INFOPLIST_FILE = myswiftTest/Info.plist;
				IPHONEOS_DEPLOYMENT_TARGET = 9.0;
				LD_RUNPATH_SEARCH_PATHS = (
					"$(inherited)",
					"@executable_path/Frameworks",
				);
				PRODUCT_BUNDLE_IDENTIFIER = com.codertomwu.myswiftTest;
				PRODUCT_NAME = "$(TARGET_NAME)";
				SWIFT_VERSION = 4.0;
				TARGETED_DEVICE_FAMILY = "1,2";
			};
			name = Release;
		};
		AC7D7B8220BEE5BD00E79E71 /* Debug */ = {
			isa = XCBuildConfiguration;
			buildSettings = {
				ALWAYS_EMBED_SWIFT_STANDARD_LIBRARIES = YES;
				BUNDLE_LOADER = "$(TEST_HOST)";
				CODE_SIGN_STYLE = Automatic;
				DEVELOPMENT_TEAM = UCS53FT3U9;
				INFOPLIST_FILE = myswiftTestTests/Info.plist;
				LD_RUNPATH_SEARCH_PATHS = (
					"$(inherited)",
					"@executable_path/Frameworks",
					"@loader_path/Frameworks",
				);
				PRODUCT_BUNDLE_IDENTIFIER = com.codertomwu.myswiftTestTests;
				PRODUCT_NAME = "$(TARGET_NAME)";
				SWIFT_VERSION = 4.0;
				TARGETED_DEVICE_FAMILY = "1,2";
				TEST_HOST = "$(BUILT_PRODUCTS_DIR)/myswiftTest.app/myswiftTest";
			};
			name = Debug;
		};
		AC7D7B8320BEE5BD00E79E71 /* Release */ = {
			isa = XCBuildConfiguration;
			buildSettings = {
				ALWAYS_EMBED_SWIFT_STANDARD_LIBRARIES = YES;
				BUNDLE_LOADER = "$(TEST_HOST)";
				CODE_SIGN_STYLE = Automatic;
				DEVELOPMENT_TEAM = UCS53FT3U9;
				INFOPLIST_FILE = myswiftTestTests/Info.plist;
				LD_RUNPATH_SEARCH_PATHS = (
					"$(inherited)",
					"@executable_path/Frameworks",
					"@loader_path/Frameworks",
				);
				PRODUCT_BUNDLE_IDENTIFIER = com.codertomwu.myswiftTestTests;
				PRODUCT_NAME = "$(TARGET_NAME)";
				SWIFT_VERSION = 4.0;
				TARGETED_DEVICE_FAMILY = "1,2";
				TEST_HOST = "$(BUILT_PRODUCTS_DIR)/myswiftTest.app/myswiftTest";
			};
			name = Release;
		};
		AC7D7B8520BEE5BD00E79E71 /* Debug */ = {
			isa = XCBuildConfiguration;
			buildSettings = {
				ALWAYS_EMBED_SWIFT_STANDARD_LIBRARIES = YES;
				CODE_SIGN_STYLE = Automatic;
				DEVELOPMENT_TEAM = UCS53FT3U9;
				INFOPLIST_FILE = myswiftTestUITests/Info.plist;
				LD_RUNPATH_SEARCH_PATHS = (
					"$(inherited)",
					"@executable_path/Frameworks",
					"@loader_path/Frameworks",
				);
				PRODUCT_BUNDLE_IDENTIFIER = com.codertomwu.myswiftTestUITests;
				PRODUCT_NAME = "$(TARGET_NAME)";
				SWIFT_VERSION = 4.0;
				TARGETED_DEVICE_FAMILY = "1,2";
				TEST_TARGET_NAME = myswiftTest;
			};
			name = Debug;
		};
		AC7D7B8620BEE5BD00E79E71 /* Release */ = {
			isa = XCBuildConfiguration;
			buildSettings = {
				ALWAYS_EMBED_SWIFT_STANDARD_LIBRARIES = YES;
				CODE_SIGN_STYLE = Automatic;
				DEVELOPMENT_TEAM = UCS53FT3U9;
				INFOPLIST_FILE = myswiftTestUITests/Info.plist;
				LD_RUNPATH_SEARCH_PATHS = (
					"$(inherited)",
					"@executable_path/Frameworks",
					"@loader_path/Frameworks",
				);
				PRODUCT_BUNDLE_IDENTIFIER = com.codertomwu.myswiftTestUITests;
				PRODUCT_NAME = "$(TARGET_NAME)";
				SWIFT_VERSION = 4.0;
				TARGETED_DEVICE_FAMILY = "1,2";
				TEST_TARGET_NAME = myswiftTest;
			};
			name = Release;
		};
/* End XCBuildConfiguration section */

/* Begin XCConfigurationList section */
		AC7D7B5120BEE5BB00E79E71 /* Build configuration list for PBXProject "myswiftTest" */ = {
			isa = XCConfigurationList;
			buildConfigurations = (
				AC7D7B7C20BEE5BD00E79E71 /* Debug */,
				AC7D7B7D20BEE5BD00E79E71 /* Release */,
			);
			defaultConfigurationIsVisible = 0;
			defaultConfigurationName = Release;
		};
		AC7D7B7E20BEE5BD00E79E71 /* Build configuration list for PBXNativeTarget "myswiftTest" */ = {
			isa = XCConfigurationList;
			buildConfigurations = (
				AC7D7B7F20BEE5BD00E79E71 /* Debug */,
				AC7D7B8020BEE5BD00E79E71 /* Release */,
			);
			defaultConfigurationIsVisible = 0;
			defaultConfigurationName = Release;
		};
		AC7D7B8120BEE5BD00E79E71 /* Build configuration list for PBXNativeTarget "myswiftTestTests" */ = {
			isa = XCConfigurationList;
			buildConfigurations = (
				AC7D7B8220BEE5BD00E79E71 /* Debug */,
				AC7D7B8320BEE5BD00E79E71 /* Release */,
			);
			defaultConfigurationIsVisible = 0;
			defaultConfigurationName = Release;
		};
		AC7D7B8420BEE5BD00E79E71 /* Build configuration list for PBXNativeTarget "myswiftTestUITests" */ = {
			isa = XCConfigurationList;
			buildConfigurations = (
				AC7D7B8520BEE5BD00E79E71 /* Debug */,
				AC7D7B8620BEE5BD00E79E71 /* Release */,
			);
			defaultConfigurationIsVisible = 0;
			defaultConfigurationName = Release;
		};
/* End XCConfigurationList section */
	};
	rootObject = AC7D7B4E20BEE5BB00E79E71 /* Project object */;
}
