// !$*UTF8*$!
{
	archiveVersion = 1;
	classes = {
	};
	objectVersion = 48;
	objects = {

/* Begin PBXBuildFile section */
		632293422042A34E00411C9E /* AppDelegate.m in Sources */ = {isa = PBXBuildFile; fileRef = 632293412042A34E00411C9E /* AppDelegate.m */; };
		632293452042A34E00411C9E /* ViewController.m in Sources */ = {isa = PBXBuildFile; fileRef = 632293442042A34E00411C9E /* ViewController.m */; };
		632293482042A34E00411C9E /* Main.storyboard in Resources */ = {isa = PBXBuildFile; fileRef = 632293462042A34E00411C9E /* Main.storyboard */; };
		6322934A2042A34E00411C9E /* Assets.xcassets in Resources */ = {isa = PBXBuildFile; fileRef = 632293492042A34E00411C9E /* Assets.xcassets */; };
		6322934D2042A34E00411C9E /* LaunchScreen.storyboard in Resources */ = {isa = PBXBuildFile; fileRef = 6322934B2042A34E00411C9E /* LaunchScreen.storyboard */; };
		632293502042A34E00411C9E /* main.m in Sources */ = {isa = PBXBuildFile; fileRef = 6322934F2042A34E00411C9E /* main.m */; };
		6322935A2042A34E00411C9E /* RunTimeUITests.m in Sources */ = {isa = PBXBuildFile; fileRef = 632293592042A34E00411C9E /* RunTimeUITests.m */; };
		632293662042A36A00411C9E /* RuntimeObject.m in Sources */ = {isa = PBXBuildFile; fileRef = 632293652042A36A00411C9E /* RuntimeObject.m */; };
/* End PBXBuildFile section */

/* Begin PBXContainerItemProxy section */
		632293562042A34E00411C9E /* PBXContainerItemProxy */ = {
			isa = PBXContainerItemProxy;
			containerPortal = 632293352042A34E00411C9E /* Project object */;
			proxyType = 1;
			remoteGlobalIDString = 6322933C2042A34E00411C9E;
			remoteInfo = RunTime;
		};
/* End PBXContainerItemProxy section */

/* Begin PBXFileReference section */
		6322933D2042A34E00411C9E /* RunTime.app */ = {isa = PBXFileReference; explicitFileType = wrapper.application; includeInIndex = 0; path = RunTime.app; sourceTree = BUILT_PRODUCTS_DIR; };
		632293402042A34E00411C9E /* AppDelegate.h */ = {isa = PBXFileReference; lastKnownFileType = sourcecode.c.h; path = AppDelegate.h; sourceTree = "<group>"; };
		632293412042A34E00411C9E /* AppDelegate.m */ = {isa = PBXFileReference; lastKnownFileType = sourcecode.c.objc; path = AppDelegate.m; sourceTree = "<group>"; };
		632293432042A34E00411C9E /* ViewController.h */ = {isa = PBXFileReference; lastKnownFileType = sourcecode.c.h; path = ViewController.h; sourceTree = "<group>"; };
		632293442042A34E00411C9E /* ViewController.m */ = {isa = PBXFileReference; lastKnownFileType = sourcecode.c.objc; path = ViewController.m; sourceTree = "<group>"; };
		632293472042A34E00411C9E /* Base */ = {isa = PBXFileReference; lastKnownFileType = file.storyboard; name = Base; path = Base.lproj/Main.storyboard; sourceTree = "<group>"; };
		632293492042A34E00411C9E /* Assets.xcassets */ = {isa = PBXFileReference; lastKnownFileType = folder.assetcatalog; path = Assets.xcassets; sourceTree = "<group>"; };
		6322934C2042A34E00411C9E /* Base */ = {isa = PBXFileReference; lastKnownFileType = file.storyboard; name = Base; path = Base.lproj/LaunchScreen.storyboard; sourceTree = "<group>"; };
		6322934E2042A34E00411C9E /* Info.plist */ = {isa = PBXFileReference; lastKnownFileType = text.plist.xml; path = Info.plist; sourceTree = "<group>"; };
		6322934F2042A34E00411C9E /* main.m */ = {isa = PBXFileReference; lastKnownFileType = sourcecode.c.objc; path = main.m; sourceTree = "<group>"; };
		632293552042A34E00411C9E /* RunTimeUITests.xctest */ = {isa = PBXFileReference; explicitFileType = wrapper.cfbundle; includeInIndex = 0; path = RunTimeUITests.xctest; sourceTree = BUILT_PRODUCTS_DIR; };
		632293592042A34E00411C9E /* RunTimeUITests.m */ = {isa = PBXFileReference; lastKnownFileType = sourcecode.c.objc; path = RunTimeUITests.m; sourceTree = "<group>"; };
		6322935B2042A34E00411C9E /* Info.plist */ = {isa = PBXFileReference; lastKnownFileType = text.plist.xml; path = Info.plist; sourceTree = "<group>"; };
		632293642042A36A00411C9E /* RuntimeObject.h */ = {isa = PBXFileReference; lastKnownFileType = sourcecode.c.h; path = RuntimeObject.h; sourceTree = "<group>"; };
		632293652042A36A00411C9E /* RuntimeObject.m */ = {isa = PBXFileReference; lastKnownFileType = sourcecode.c.objc; path = RuntimeObject.m; sourceTree = "<group>"; };
/* End PBXFileReference section */

/* Begin PBXFrameworksBuildPhase section */
		6322933A2042A34E00411C9E /* Frameworks */ = {
			isa = PBXFrameworksBuildPhase;
			buildActionMask = 2147483647;
			files = (
			);
			runOnlyForDeploymentPostprocessing = 0;
		};
		632293522042A34E00411C9E /* Frameworks */ = {
			isa = PBXFrameworksBuildPhase;
			buildActionMask = 2147483647;
			files = (
			);
			runOnlyForDeploymentPostprocessing = 0;
		};
/* End PBXFrameworksBuildPhase section */

/* Begin PBXGroup section */
		632293342042A34E00411C9E = {
			isa = PBXGroup;
			children = (
				6322933F2042A34E00411C9E /* RunTime */,
				632293582042A34E00411C9E /* RunTimeUITests */,
				6322933E2042A34E00411C9E /* Products */,
			);
			sourceTree = "<group>";
		};
		6322933E2042A34E00411C9E /* Products */ = {
			isa = PBXGroup;
			children = (
				6322933D2042A34E00411C9E /* RunTime.app */,
				632293552042A34E00411C9E /* RunTimeUITests.xctest */,
			);
			name = Products;
			sourceTree = "<group>";
		};
		6322933F2042A34E00411C9E /* RunTime */ = {
			isa = PBXGroup;
			children = (
				632293402042A34E00411C9E /* AppDelegate.h */,
				632293412042A34E00411C9E /* AppDelegate.m */,
				632293432042A34E00411C9E /* ViewController.h */,
				632293442042A34E00411C9E /* ViewController.m */,
				632293462042A34E00411C9E /* Main.storyboard */,
				632293492042A34E00411C9E /* Assets.xcassets */,
				6322934B2042A34E00411C9E /* LaunchScreen.storyboard */,
				6322934E2042A34E00411C9E /* Info.plist */,
				6322934F2042A34E00411C9E /* main.m */,
				632293642042A36A00411C9E /* RuntimeObject.h */,
				632293652042A36A00411C9E /* RuntimeObject.m */,
			);
			path = RunTime;
			sourceTree = "<group>";
		};
		632293582042A34E00411C9E /* RunTimeUITests */ = {
			isa = PBXGroup;
			children = (
				632293592042A34E00411C9E /* RunTimeUITests.m */,
				6322935B2042A34E00411C9E /* Info.plist */,
			);
			path = RunTimeUITests;
			sourceTree = "<group>";
		};
/* End PBXGroup section */

/* Begin PBXNativeTarget section */
		6322933C2042A34E00411C9E /* RunTime */ = {
			isa = PBXNativeTarget;
			buildConfigurationList = 6322935E2042A34E00411C9E /* Build configuration list for PBXNativeTarget "RunTime" */;
			buildPhases = (
				632293392042A34E00411C9E /* Sources */,
				6322933A2042A34E00411C9E /* Frameworks */,
				6322933B2042A34E00411C9E /* Resources */,
			);
			buildRules = (
			);
			dependencies = (
			);
			name = RunTime;
			productName = RunTime;
			productReference = 6322933D2042A34E00411C9E /* RunTime.app */;
			productType = "com.apple.product-type.application";
		};
		632293542042A34E00411C9E /* RunTimeUITests */ = {
			isa = PBXNativeTarget;
			buildConfigurationList = 632293612042A34E00411C9E /* Build configuration list for PBXNativeTarget "RunTimeUITests" */;
			buildPhases = (
				632293512042A34E00411C9E /* Sources */,
				632293522042A34E00411C9E /* Frameworks */,
				632293532042A34E00411C9E /* Resources */,
			);
			buildRules = (
			);
			dependencies = (
				632293572042A34E00411C9E /* PBXTargetDependency */,
			);
			name = RunTimeUITests;
			productName = RunTimeUITests;
			productReference = 632293552042A34E00411C9E /* RunTimeUITests.xctest */;
			productType = "com.apple.product-type.bundle.ui-testing";
		};
/* End PBXNativeTarget section */

/* Begin PBXProject section */
		632293352042A34E00411C9E /* Project object */ = {
			isa = PBXProject;
			attributes = {
				LastUpgradeCheck = 0910;
				ORGANIZATIONNAME = yangyang;
				TargetAttributes = {
					6322933C2042A34E00411C9E = {
						CreatedOnToolsVersion = 9.1;
						ProvisioningStyle = Automatic;
					};
					632293542042A34E00411C9E = {
						CreatedOnToolsVersion = 9.1;
						ProvisioningStyle = Automatic;
						TestTargetID = 6322933C2042A34E00411C9E;
					};
				};
			};
			buildConfigurationList = 632293382042A34E00411C9E /* Build configuration list for PBXProject "RunTime" */;
			compatibilityVersion = "Xcode 8.0";
			developmentRegion = en;
			hasScannedForEncodings = 0;
			knownRegions = (
				en,
				Base,
			);
			mainGroup = 632293342042A34E00411C9E;
			productRefGroup = 6322933E2042A34E00411C9E /* Products */;
			projectDirPath = "";
			projectRoot = "";
			targets = (
				6322933C2042A34E00411C9E /* RunTime */,
				632293542042A34E00411C9E /* RunTimeUITests */,
			);
		};
/* End PBXProject section */

/* Begin PBXResourcesBuildPhase section */
		6322933B2042A34E00411C9E /* Resources */ = {
			isa = PBXResourcesBuildPhase;
			buildActionMask = 2147483647;
			files = (
				6322934D2042A34E00411C9E /* LaunchScreen.storyboard in Resources */,
				6322934A2042A34E00411C9E /* Assets.xcassets in Resources */,
				632293482042A34E00411C9E /* Main.storyboard in Resources */,
			);
			runOnlyForDeploymentPostprocessing = 0;
		};
		632293532042A34E00411C9E /* Resources */ = {
			isa = PBXResourcesBuildPhase;
			buildActionMask = 2147483647;
			files = (
			);
			runOnlyForDeploymentPostprocessing = 0;
		};
/* End PBXResourcesBuildPhase section */

/* Begin PBXSourcesBuildPhase section */
		632293392042A34E00411C9E /* Sources */ = {
			isa = PBXSourcesBuildPhase;
			buildActionMask = 2147483647;
			files = (
				632293452042A34E00411C9E /* ViewController.m in Sources */,
				632293662042A36A00411C9E /* RuntimeObject.m in Sources */,
				632293502042A34E00411C9E /* main.m in Sources */,
				632293422042A34E00411C9E /* AppDelegate.m in Sources */,
			);
			runOnlyForDeploymentPostprocessing = 0;
		};
		632293512042A34E00411C9E /* Sources */ = {
			isa = PBXSourcesBuildPhase;
			buildActionMask = 2147483647;
			files = (
				6322935A2042A34E00411C9E /* RunTimeUITests.m in Sources */,
			);
			runOnlyForDeploymentPostprocessing = 0;
		};
/* End PBXSourcesBuildPhase section */

/* Begin PBXTargetDependency section */
		632293572042A34E00411C9E /* PBXTargetDependency */ = {
			isa = PBXTargetDependency;
			target = 6322933C2042A34E00411C9E /* RunTime */;
			targetProxy = 632293562042A34E00411C9E /* PBXContainerItemProxy */;
		};
/* End PBXTargetDependency section */

/* Begin PBXVariantGroup section */
		632293462042A34E00411C9E /* Main.storyboard */ = {
			isa = PBXVariantGroup;
			children = (
				632293472042A34E00411C9E /* Base */,
			);
			name = Main.storyboard;
			sourceTree = "<group>";
		};
		6322934B2042A34E00411C9E /* LaunchScreen.storyboard */ = {
			isa = PBXVariantGroup;
			children = (
				6322934C2042A34E00411C9E /* Base */,
			);
			name = LaunchScreen.storyboard;
			sourceTree = "<group>";
		};
/* End PBXVariantGroup section */

/* Begin XCBuildConfiguration section */
		6322935C2042A34E00411C9E /* Debug */ = {
			isa = XCBuildConfiguration;
			buildSettings = {
				ALWAYS_SEARCH_USER_PATHS = NO;
				CLANG_ANALYZER_NONNULL = YES;
				CLANG_ANALYZER_NUMBER_OBJECT_CONVERSION = YES_AGGRESSIVE;
				CLANG_CXX_LANGUAGE_STANDARD = "gnu++14";
				CLANG_CXX_LIBRARY = "libc++";
				CLANG_ENABLE_MODULES = YES;
				CLANG_ENABLE_OBJC_ARC = YES;
				CLANG_WARN_BLOCK_CAPTURE_AUTORELEASING = YES;
				CLANG_WARN_BOOL_CONVERSION = YES;
				CLANG_WARN_COMMA = YES;
				CLANG_WARN_CONSTANT_CONVERSION = YES;
				CLANG_WARN_DIRECT_OBJC_ISA_USAGE = YES_ERROR;
				CLANG_WARN_DOCUMENTATION_COMMENTS = YES;
				CLANG_WARN_EMPTY_BODY = YES;
				CLANG_WARN_ENUM_CONVERSION = YES;
				CLANG_WARN_INFINITE_RECURSION = YES;
				CLANG_WARN_INT_CONVERSION = YES;
				CLANG_WARN_NON_LITERAL_NULL_CONVERSION = YES;
				CLANG_WARN_OBJC_LITERAL_CONVERSION = YES;
				CLANG_WARN_OBJC_ROOT_CLASS = YES_ERROR;
				CLANG_WARN_RANGE_LOOP_ANALYSIS = YES;
				CLANG_WARN_STRICT_PROTOTYPES = YES;
				CLANG_WARN_SUSPICIOUS_MOVE = YES;
				CLANG_WARN_UNGUARDED_AVAILABILITY = YES_AGGRESSIVE;
				CLANG_WARN_UNREACHABLE_CODE = YES;
				CLANG_WARN__DUPLICATE_METHOD_MATCH = YES;
				CODE_SIGN_IDENTITY = "iPhone Developer";
				COPY_PHASE_STRIP = NO;
				DEBUG_INFORMATION_FORMAT = dwarf;
				ENABLE_STRICT_OBJC_MSGSEND = YES;
				ENABLE_TESTABILITY = YES;
				GCC_C_LANGUAGE_STANDARD = gnu11;
				GCC_DYNAMIC_NO_PIC = NO;
				GCC_NO_COMMON_BLOCKS = YES;
				GCC_OPTIMIZATION_LEVEL = 0;
				GCC_PREPROCESSOR_DEFINITIONS = (
					"DEBUG=1",
					"$(inherited)",
				);
				GCC_WARN_64_TO_32_BIT_CONVERSION = YES;
				GCC_WARN_ABOUT_RETURN_TYPE = YES_ERROR;
				GCC_WARN_UNDECLARED_SELECTOR = YES;
				GCC_WARN_UNINITIALIZED_AUTOS = YES_AGGRESSIVE;
				GCC_WARN_UNUSED_FUNCTION = YES;
				GCC_WARN_UNUSED_VARIABLE = YES;
				IPHONEOS_DEPLOYMENT_TARGET = 11.1;
				MTL_ENABLE_DEBUG_INFO = YES;
				ONLY_ACTIVE_ARCH = YES;
				SDKROOT = iphoneos;
			};
			name = Debug;
		};
		6322935D2042A34E00411C9E /* Release */ = {
			isa = XCBuildConfiguration;
			buildSettings = {
				ALWAYS_SEARCH_USER_PATHS = NO;
				CLANG_ANALYZER_NONNULL = YES;
				CLANG_ANALYZER_NUMBER_OBJECT_CONVERSION = YES_AGGRESSIVE;
				CLANG_CXX_LANGUAGE_STANDARD = "gnu++14";
				CLANG_CXX_LIBRARY = "libc++";
				CLANG_ENABLE_MODULES = YES;
				CLANG_ENABLE_OBJC_ARC = YES;
				CLANG_WARN_BLOCK_CAPTURE_AUTORELEASING = YES;
				CLANG_WARN_BOOL_CONVERSION = YES;
				CLANG_WARN_COMMA = YES;
				CLANG_WARN_CONSTANT_CONVERSION = YES;
				CLANG_WARN_DIRECT_OBJC_ISA_USAGE = YES_ERROR;
				CLANG_WARN_DOCUMENTATION_COMMENTS = YES;
				CLANG_WARN_EMPTY_BODY = YES;
				CLANG_WARN_ENUM_CONVERSION = YES;
				CLANG_WARN_INFINITE_RECURSION = YES;
				CLANG_WARN_INT_CONVERSION = YES;
				CLANG_WARN_NON_LITERAL_NULL_CONVERSION = YES;
				CLANG_WARN_OBJC_LITERAL_CONVERSION = YES;
				CLANG_WARN_OBJC_ROOT_CLASS = YES_ERROR;
				CLANG_WARN_RANGE_LOOP_ANALYSIS = YES;
				CLANG_WARN_STRICT_PROTOTYPES = YES;
				CLANG_WARN_SUSPICIOUS_MOVE = YES;
				CLANG_WARN_UNGUARDED_AVAILABILITY = YES_AGGRESSIVE;
				CLANG_WARN_UNREACHABLE_CODE = YES;
				CLANG_WARN__DUPLICATE_METHOD_MATCH = YES;
				CODE_SIGN_IDENTITY = "iPhone Developer";
				COPY_PHASE_STRIP = NO;
				DEBUG_INFORMATION_FORMAT = "dwarf-with-dsym";
				ENABLE_NS_ASSERTIONS = NO;
				ENABLE_STRICT_OBJC_MSGSEND = YES;
				GCC_C_LANGUAGE_STANDARD = gnu11;
				GCC_NO_COMMON_BLOCKS = YES;
				GCC_WARN_64_TO_32_BIT_CONVERSION = YES;
				GCC_WARN_ABOUT_RETURN_TYPE = YES_ERROR;
				GCC_WARN_UNDECLARED_SELECTOR = YES;
				GCC_WARN_UNINITIALIZED_AUTOS = YES_AGGRESSIVE;
				GCC_WARN_UNUSED_FUNCTION = YES;
				GCC_WARN_UNUSED_VARIABLE = YES;
				IPHONEOS_DEPLOYMENT_TARGET = 11.1;
				MTL_ENABLE_DEBUG_INFO = NO;
				SDKROOT = iphoneos;
				VALIDATE_PRODUCT = YES;
			};
			name = Release;
		};
		6322935F2042A34E00411C9E /* Debug */ = {
			isa = XCBuildConfiguration;
			buildSettings = {
				ASSETCATALOG_COMPILER_APPICON_NAME = AppIcon;
				CODE_SIGN_STYLE = Automatic;
				INFOPLIST_FILE = RunTime/Info.plist;
				LD_RUNPATH_SEARCH_PATHS = "$(inherited) @executable_path/Frameworks";
				PRODUCT_BUNDLE_IDENTIFIER = com.imooc.www.RunTime;
				PRODUCT_NAME = "$(TARGET_NAME)";
				TARGETED_DEVICE_FAMILY = "1,2";
			};
			name = Debug;
		};
		632293602042A34E00411C9E /* Release */ = {
			isa = XCBuildConfiguration;
			buildSettings = {
				ASSETCATALOG_COMPILER_APPICON_NAME = AppIcon;
				CODE_SIGN_STYLE = Automatic;
				INFOPLIST_FILE = RunTime/Info.plist;
				LD_RUNPATH_SEARCH_PATHS = "$(inherited) @executable_path/Frameworks";
				PRODUCT_BUNDLE_IDENTIFIER = com.imooc.www.RunTime;
				PRODUCT_NAME = "$(TARGET_NAME)";
				TARGETED_DEVICE_FAMILY = "1,2";
			};
			name = Release;
		};
		632293622042A34E00411C9E /* Debug */ = {
			isa = XCBuildConfiguration;
			buildSettings = {
				CODE_SIGN_STYLE = Automatic;
				INFOPLIST_FILE = RunTimeUITests/Info.plist;
				LD_RUNPATH_SEARCH_PATHS = "$(inherited) @executable_path/Frameworks @loader_path/Frameworks";
				PRODUCT_BUNDLE_IDENTIFIER = com.imooc.www.RunTimeUITests;
				PRODUCT_NAME = "$(TARGET_NAME)";
				TARGETED_DEVICE_FAMILY = "1,2";
				TEST_TARGET_NAME = RunTime;
			};
			name = Debug;
		};
		632293632042A34E00411C9E /* Release */ = {
			isa = XCBuildConfiguration;
			buildSettings = {
				CODE_SIGN_STYLE = Automatic;
				INFOPLIST_FILE = RunTimeUITests/Info.plist;
				LD_RUNPATH_SEARCH_PATHS = "$(inherited) @executable_path/Frameworks @loader_path/Frameworks";
				PRODUCT_BUNDLE_IDENTIFIER = com.imooc.www.RunTimeUITests;
				PRODUCT_NAME = "$(TARGET_NAME)";
				TARGETED_DEVICE_FAMILY = "1,2";
				TEST_TARGET_NAME = RunTime;
			};
			name = Release;
		};
/* End XCBuildConfiguration section */

/* Begin XCConfigurationList section */
		632293382042A34E00411C9E /* Build configuration list for PBXProject "RunTime" */ = {
			isa = XCConfigurationList;
			buildConfigurations = (
				6322935C2042A34E00411C9E /* Debug */,
				6322935D2042A34E00411C9E /* Release */,
			);
			defaultConfigurationIsVisible = 0;
			defaultConfigurationName = Release;
		};
		6322935E2042A34E00411C9E /* Build configuration list for PBXNativeTarget "RunTime" */ = {
			isa = XCConfigurationList;
			buildConfigurations = (
				6322935F2042A34E00411C9E /* Debug */,
				632293602042A34E00411C9E /* Release */,
			);
			defaultConfigurationIsVisible = 0;
			defaultConfigurationName = Release;
		};
		632293612042A34E00411C9E /* Build configuration list for PBXNativeTarget "RunTimeUITests" */ = {
			isa = XCConfigurationList;
			buildConfigurations = (
				632293622042A34E00411C9E /* Debug */,
				632293632042A34E00411C9E /* Release */,
			);
			defaultConfigurationIsVisible = 0;
			defaultConfigurationName = Release;
		};
/* End XCConfigurationList section */
	};
	rootObject = 632293352042A34E00411C9E /* Project object */;
}
