// !$*UTF8*$!
{
	archiveVersion = 1;
	classes = {
	};
	objectVersion = 48;
	objects = {

/* Begin PBXBuildFile section */
		AC4DFBA320674BE500D13049 /* AppDelegate.m in Sources */ = {isa = PBXBuildFile; fileRef = AC4DFBA220674BE500D13049 /* AppDelegate.m */; };
		AC4DFBA620674BE500D13049 /* ViewController.m in Sources */ = {isa = PBXBuildFile; fileRef = AC4DFBA520674BE500D13049 /* ViewController.m */; };
		AC4DFBA920674BE500D13049 /* Main.storyboard in Resources */ = {isa = PBXBuildFile; fileRef = AC4DFBA720674BE500D13049 /* Main.storyboard */; };
		AC4DFBAB20674BE500D13049 /* Assets.xcassets in Resources */ = {isa = PBXBuildFile; fileRef = AC4DFBAA20674BE500D13049 /* Assets.xcassets */; };
		AC4DFBAE20674BE500D13049 /* LaunchScreen.storyboard in Resources */ = {isa = PBXBuildFile; fileRef = AC4DFBAC20674BE500D13049 /* LaunchScreen.storyboard */; };
		AC4DFBB120674BE500D13049 /* main.m in Sources */ = {isa = PBXBuildFile; fileRef = AC4DFBB020674BE500D13049 /* main.m */; };
		AC4DFBBB20674BE500D13049 /* csClientDemoTests.m in Sources */ = {isa = PBXBuildFile; fileRef = AC4DFBBA20674BE500D13049 /* csClientDemoTests.m */; };
		AC4DFBC620674BE500D13049 /* csClientDemoUITests.m in Sources */ = {isa = PBXBuildFile; fileRef = AC4DFBC520674BE500D13049 /* csClientDemoUITests.m */; };
/* End PBXBuildFile section */

/* Begin PBXContainerItemProxy section */
		AC4DFBB720674BE500D13049 /* PBXContainerItemProxy */ = {
			isa = PBXContainerItemProxy;
			containerPortal = AC4DFB9620674BE500D13049 /* Project object */;
			proxyType = 1;
			remoteGlobalIDString = AC4DFB9D20674BE500D13049;
			remoteInfo = csClientDemo;
		};
		AC4DFBC220674BE500D13049 /* PBXContainerItemProxy */ = {
			isa = PBXContainerItemProxy;
			containerPortal = AC4DFB9620674BE500D13049 /* Project object */;
			proxyType = 1;
			remoteGlobalIDString = AC4DFB9D20674BE500D13049;
			remoteInfo = csClientDemo;
		};
/* End PBXContainerItemProxy section */

/* Begin PBXFileReference section */
		AC4DFB9E20674BE500D13049 /* csClientDemo.app */ = {isa = PBXFileReference; explicitFileType = wrapper.application; includeInIndex = 0; path = csClientDemo.app; sourceTree = BUILT_PRODUCTS_DIR; };
		AC4DFBA120674BE500D13049 /* AppDelegate.h */ = {isa = PBXFileReference; lastKnownFileType = sourcecode.c.h; path = AppDelegate.h; sourceTree = "<group>"; };
		AC4DFBA220674BE500D13049 /* AppDelegate.m */ = {isa = PBXFileReference; lastKnownFileType = sourcecode.c.objc; path = AppDelegate.m; sourceTree = "<group>"; };
		AC4DFBA420674BE500D13049 /* ViewController.h */ = {isa = PBXFileReference; lastKnownFileType = sourcecode.c.h; path = ViewController.h; sourceTree = "<group>"; };
		AC4DFBA520674BE500D13049 /* ViewController.m */ = {isa = PBXFileReference; lastKnownFileType = sourcecode.c.objc; path = ViewController.m; sourceTree = "<group>"; };
		AC4DFBA820674BE500D13049 /* Base */ = {isa = PBXFileReference; lastKnownFileType = file.storyboard; name = Base; path = Base.lproj/Main.storyboard; sourceTree = "<group>"; };
		AC4DFBAA20674BE500D13049 /* Assets.xcassets */ = {isa = PBXFileReference; lastKnownFileType = folder.assetcatalog; path = Assets.xcassets; sourceTree = "<group>"; };
		AC4DFBAD20674BE500D13049 /* Base */ = {isa = PBXFileReference; lastKnownFileType = file.storyboard; name = Base; path = Base.lproj/LaunchScreen.storyboard; sourceTree = "<group>"; };
		AC4DFBAF20674BE500D13049 /* Info.plist */ = {isa = PBXFileReference; lastKnownFileType = text.plist.xml; path = Info.plist; sourceTree = "<group>"; };
		AC4DFBB020674BE500D13049 /* main.m */ = {isa = PBXFileReference; lastKnownFileType = sourcecode.c.objc; path = main.m; sourceTree = "<group>"; };
		AC4DFBB620674BE500D13049 /* csClientDemoTests.xctest */ = {isa = PBXFileReference; explicitFileType = wrapper.cfbundle; includeInIndex = 0; path = csClientDemoTests.xctest; sourceTree = BUILT_PRODUCTS_DIR; };
		AC4DFBBA20674BE500D13049 /* csClientDemoTests.m */ = {isa = PBXFileReference; lastKnownFileType = sourcecode.c.objc; path = csClientDemoTests.m; sourceTree = "<group>"; };
		AC4DFBBC20674BE500D13049 /* Info.plist */ = {isa = PBXFileReference; lastKnownFileType = text.plist.xml; path = Info.plist; sourceTree = "<group>"; };
		AC4DFBC120674BE500D13049 /* csClientDemoUITests.xctest */ = {isa = PBXFileReference; explicitFileType = wrapper.cfbundle; includeInIndex = 0; path = csClientDemoUITests.xctest; sourceTree = BUILT_PRODUCTS_DIR; };
		AC4DFBC520674BE500D13049 /* csClientDemoUITests.m */ = {isa = PBXFileReference; lastKnownFileType = sourcecode.c.objc; path = csClientDemoUITests.m; sourceTree = "<group>"; };
		AC4DFBC720674BE500D13049 /* Info.plist */ = {isa = PBXFileReference; lastKnownFileType = text.plist.xml; path = Info.plist; sourceTree = "<group>"; };
/* End PBXFileReference section */

/* Begin PBXFrameworksBuildPhase section */
		AC4DFB9B20674BE500D13049 /* Frameworks */ = {
			isa = PBXFrameworksBuildPhase;
			buildActionMask = 2147483647;
			files = (
			);
			runOnlyForDeploymentPostprocessing = 0;
		};
		AC4DFBB320674BE500D13049 /* Frameworks */ = {
			isa = PBXFrameworksBuildPhase;
			buildActionMask = 2147483647;
			files = (
			);
			runOnlyForDeploymentPostprocessing = 0;
		};
		AC4DFBBE20674BE500D13049 /* Frameworks */ = {
			isa = PBXFrameworksBuildPhase;
			buildActionMask = 2147483647;
			files = (
			);
			runOnlyForDeploymentPostprocessing = 0;
		};
/* End PBXFrameworksBuildPhase section */

/* Begin PBXGroup section */
		AC4DFB9520674BE500D13049 = {
			isa = PBXGroup;
			children = (
				AC4DFBA020674BE500D13049 /* csClientDemo */,
				AC4DFBB920674BE500D13049 /* csClientDemoTests */,
				AC4DFBC420674BE500D13049 /* csClientDemoUITests */,
				AC4DFB9F20674BE500D13049 /* Products */,
			);
			sourceTree = "<group>";
		};
		AC4DFB9F20674BE500D13049 /* Products */ = {
			isa = PBXGroup;
			children = (
				AC4DFB9E20674BE500D13049 /* csClientDemo.app */,
				AC4DFBB620674BE500D13049 /* csClientDemoTests.xctest */,
				AC4DFBC120674BE500D13049 /* csClientDemoUITests.xctest */,
			);
			name = Products;
			sourceTree = "<group>";
		};
		AC4DFBA020674BE500D13049 /* csClientDemo */ = {
			isa = PBXGroup;
			children = (
				AC4DFBA120674BE500D13049 /* AppDelegate.h */,
				AC4DFBA220674BE500D13049 /* AppDelegate.m */,
				AC4DFBA420674BE500D13049 /* ViewController.h */,
				AC4DFBA520674BE500D13049 /* ViewController.m */,
				AC4DFBA720674BE500D13049 /* Main.storyboard */,
				AC4DFBAA20674BE500D13049 /* Assets.xcassets */,
				AC4DFBAC20674BE500D13049 /* LaunchScreen.storyboard */,
				AC4DFBAF20674BE500D13049 /* Info.plist */,
				AC4DFBB020674BE500D13049 /* main.m */,
			);
			path = csClientDemo;
			sourceTree = "<group>";
		};
		AC4DFBB920674BE500D13049 /* csClientDemoTests */ = {
			isa = PBXGroup;
			children = (
				AC4DFBBA20674BE500D13049 /* csClientDemoTests.m */,
				AC4DFBBC20674BE500D13049 /* Info.plist */,
			);
			path = csClientDemoTests;
			sourceTree = "<group>";
		};
		AC4DFBC420674BE500D13049 /* csClientDemoUITests */ = {
			isa = PBXGroup;
			children = (
				AC4DFBC520674BE500D13049 /* csClientDemoUITests.m */,
				AC4DFBC720674BE500D13049 /* Info.plist */,
			);
			path = csClientDemoUITests;
			sourceTree = "<group>";
		};
/* End PBXGroup section */

/* Begin PBXNativeTarget section */
		AC4DFB9D20674BE500D13049 /* csClientDemo */ = {
			isa = PBXNativeTarget;
			buildConfigurationList = AC4DFBCA20674BE500D13049 /* Build configuration list for PBXNativeTarget "csClientDemo" */;
			buildPhases = (
				AC4DFB9A20674BE500D13049 /* Sources */,
				AC4DFB9B20674BE500D13049 /* Frameworks */,
				AC4DFB9C20674BE500D13049 /* Resources */,
			);
			buildRules = (
			);
			dependencies = (
			);
			name = csClientDemo;
			productName = csClientDemo;
			productReference = AC4DFB9E20674BE500D13049 /* csClientDemo.app */;
			productType = "com.apple.product-type.application";
		};
		AC4DFBB520674BE500D13049 /* csClientDemoTests */ = {
			isa = PBXNativeTarget;
			buildConfigurationList = AC4DFBCD20674BE500D13049 /* Build configuration list for PBXNativeTarget "csClientDemoTests" */;
			buildPhases = (
				AC4DFBB220674BE500D13049 /* Sources */,
				AC4DFBB320674BE500D13049 /* Frameworks */,
				AC4DFBB420674BE500D13049 /* Resources */,
			);
			buildRules = (
			);
			dependencies = (
				AC4DFBB820674BE500D13049 /* PBXTargetDependency */,
			);
			name = csClientDemoTests;
			productName = csClientDemoTests;
			productReference = AC4DFBB620674BE500D13049 /* csClientDemoTests.xctest */;
			productType = "com.apple.product-type.bundle.unit-test";
		};
		AC4DFBC020674BE500D13049 /* csClientDemoUITests */ = {
			isa = PBXNativeTarget;
			buildConfigurationList = AC4DFBD020674BE500D13049 /* Build configuration list for PBXNativeTarget "csClientDemoUITests" */;
			buildPhases = (
				AC4DFBBD20674BE500D13049 /* Sources */,
				AC4DFBBE20674BE500D13049 /* Frameworks */,
				AC4DFBBF20674BE500D13049 /* Resources */,
			);
			buildRules = (
			);
			dependencies = (
				AC4DFBC320674BE500D13049 /* PBXTargetDependency */,
			);
			name = csClientDemoUITests;
			productName = csClientDemoUITests;
			productReference = AC4DFBC120674BE500D13049 /* csClientDemoUITests.xctest */;
			productType = "com.apple.product-type.bundle.ui-testing";
		};
/* End PBXNativeTarget section */

/* Begin PBXProject section */
		AC4DFB9620674BE500D13049 /* Project object */ = {
			isa = PBXProject;
			attributes = {
				LastUpgradeCheck = 0920;
				ORGANIZATIONNAME = codew;
				TargetAttributes = {
					AC4DFB9D20674BE500D13049 = {
						CreatedOnToolsVersion = 9.2;
						ProvisioningStyle = Automatic;
					};
					AC4DFBB520674BE500D13049 = {
						CreatedOnToolsVersion = 9.2;
						ProvisioningStyle = Automatic;
						TestTargetID = AC4DFB9D20674BE500D13049;
					};
					AC4DFBC020674BE500D13049 = {
						CreatedOnToolsVersion = 9.2;
						ProvisioningStyle = Automatic;
						TestTargetID = AC4DFB9D20674BE500D13049;
					};
				};
			};
			buildConfigurationList = AC4DFB9920674BE500D13049 /* Build configuration list for PBXProject "csClientDemo" */;
			compatibilityVersion = "Xcode 8.0";
			developmentRegion = en;
			hasScannedForEncodings = 0;
			knownRegions = (
				en,
				Base,
			);
			mainGroup = AC4DFB9520674BE500D13049;
			productRefGroup = AC4DFB9F20674BE500D13049 /* Products */;
			projectDirPath = "";
			projectRoot = "";
			targets = (
				AC4DFB9D20674BE500D13049 /* csClientDemo */,
				AC4DFBB520674BE500D13049 /* csClientDemoTests */,
				AC4DFBC020674BE500D13049 /* csClientDemoUITests */,
			);
		};
/* End PBXProject section */

/* Begin PBXResourcesBuildPhase section */
		AC4DFB9C20674BE500D13049 /* Resources */ = {
			isa = PBXResourcesBuildPhase;
			buildActionMask = 2147483647;
			files = (
				AC4DFBAE20674BE500D13049 /* LaunchScreen.storyboard in Resources */,
				AC4DFBAB20674BE500D13049 /* Assets.xcassets in Resources */,
				AC4DFBA920674BE500D13049 /* Main.storyboard in Resources */,
			);
			runOnlyForDeploymentPostprocessing = 0;
		};
		AC4DFBB420674BE500D13049 /* Resources */ = {
			isa = PBXResourcesBuildPhase;
			buildActionMask = 2147483647;
			files = (
			);
			runOnlyForDeploymentPostprocessing = 0;
		};
		AC4DFBBF20674BE500D13049 /* Resources */ = {
			isa = PBXResourcesBuildPhase;
			buildActionMask = 2147483647;
			files = (
			);
			runOnlyForDeploymentPostprocessing = 0;
		};
/* End PBXResourcesBuildPhase section */

/* Begin PBXSourcesBuildPhase section */
		AC4DFB9A20674BE500D13049 /* Sources */ = {
			isa = PBXSourcesBuildPhase;
			buildActionMask = 2147483647;
			files = (
				AC4DFBA620674BE500D13049 /* ViewController.m in Sources */,
				AC4DFBB120674BE500D13049 /* main.m in Sources */,
				AC4DFBA320674BE500D13049 /* AppDelegate.m in Sources */,
			);
			runOnlyForDeploymentPostprocessing = 0;
		};
		AC4DFBB220674BE500D13049 /* Sources */ = {
			isa = PBXSourcesBuildPhase;
			buildActionMask = 2147483647;
			files = (
				AC4DFBBB20674BE500D13049 /* csClientDemoTests.m in Sources */,
			);
			runOnlyForDeploymentPostprocessing = 0;
		};
		AC4DFBBD20674BE500D13049 /* Sources */ = {
			isa = PBXSourcesBuildPhase;
			buildActionMask = 2147483647;
			files = (
				AC4DFBC620674BE500D13049 /* csClientDemoUITests.m in Sources */,
			);
			runOnlyForDeploymentPostprocessing = 0;
		};
/* End PBXSourcesBuildPhase section */

/* Begin PBXTargetDependency section */
		AC4DFBB820674BE500D13049 /* PBXTargetDependency */ = {
			isa = PBXTargetDependency;
			target = AC4DFB9D20674BE500D13049 /* csClientDemo */;
			targetProxy = AC4DFBB720674BE500D13049 /* PBXContainerItemProxy */;
		};
		AC4DFBC320674BE500D13049 /* PBXTargetDependency */ = {
			isa = PBXTargetDependency;
			target = AC4DFB9D20674BE500D13049 /* csClientDemo */;
			targetProxy = AC4DFBC220674BE500D13049 /* PBXContainerItemProxy */;
		};
/* End PBXTargetDependency section */

/* Begin PBXVariantGroup section */
		AC4DFBA720674BE500D13049 /* Main.storyboard */ = {
			isa = PBXVariantGroup;
			children = (
				AC4DFBA820674BE500D13049 /* Base */,
			);
			name = Main.storyboard;
			sourceTree = "<group>";
		};
		AC4DFBAC20674BE500D13049 /* LaunchScreen.storyboard */ = {
			isa = PBXVariantGroup;
			children = (
				AC4DFBAD20674BE500D13049 /* Base */,
			);
			name = LaunchScreen.storyboard;
			sourceTree = "<group>";
		};
/* End PBXVariantGroup section */

/* Begin XCBuildConfiguration section */
		AC4DFBC820674BE500D13049 /* Debug */ = {
			isa = XCBuildConfiguration;
			buildSettings = {
				ALWAYS_SEARCH_USER_PATHS = NO;
				CLANG_ANALYZER_NONNULL = YES;
				CLANG_ANALYZER_NUMBER_OBJECT_CONVERSION = YES_AGGRESSIVE;
				CLANG_CXX_LANGUAGE_STANDARD = "gnu++14";
				CLANG_CXX_LIBRARY = "libc++";
				CLANG_ENABLE_MODULES = YES;
				CLANG_ENABLE_OBJC_ARC = YES;
				CLANG_WARN_BLOCK_CAPTURE_AUTORELEASING = YES;
				CLANG_WARN_BOOL_CONVERSION = YES;
				CLANG_WARN_COMMA = YES;
				CLANG_WARN_CONSTANT_CONVERSION = YES;
				CLANG_WARN_DIRECT_OBJC_ISA_USAGE = YES_ERROR;
				CLANG_WARN_DOCUMENTATION_COMMENTS = YES;
				CLANG_WARN_EMPTY_BODY = YES;
				CLANG_WARN_ENUM_CONVERSION = YES;
				CLANG_WARN_INFINITE_RECURSION = YES;
				CLANG_WARN_INT_CONVERSION = YES;
				CLANG_WARN_NON_LITERAL_NULL_CONVERSION = YES;
				CLANG_WARN_OBJC_LITERAL_CONVERSION = YES;
				CLANG_WARN_OBJC_ROOT_CLASS = YES_ERROR;
				CLANG_WARN_RANGE_LOOP_ANALYSIS = YES;
				CLANG_WARN_STRICT_PROTOTYPES = YES;
				CLANG_WARN_SUSPICIOUS_MOVE = YES;
				CLANG_WARN_UNGUARDED_AVAILABILITY = YES_AGGRESSIVE;
				CLANG_WARN_UNREACHABLE_CODE = YES;
				CLANG_WARN__DUPLICATE_METHOD_MATCH = YES;
				CODE_SIGN_IDENTITY = "iPhone Developer";
				COPY_PHASE_STRIP = NO;
				DEBUG_INFORMATION_FORMAT = dwarf;
				ENABLE_STRICT_OBJC_MSGSEND = YES;
				ENABLE_TESTABILITY = YES;
				GCC_C_LANGUAGE_STANDARD = gnu11;
				GCC_DYNAMIC_NO_PIC = NO;
				GCC_NO_COMMON_BLOCKS = YES;
				GCC_OPTIMIZATION_LEVEL = 0;
				GCC_PREPROCESSOR_DEFINITIONS = (
					"DEBUG=1",
					"$(inherited)",
				);
				GCC_WARN_64_TO_32_BIT_CONVERSION = YES;
				GCC_WARN_ABOUT_RETURN_TYPE = YES_ERROR;
				GCC_WARN_UNDECLARED_SELECTOR = YES;
				GCC_WARN_UNINITIALIZED_AUTOS = YES_AGGRESSIVE;
				GCC_WARN_UNUSED_FUNCTION = YES;
				GCC_WARN_UNUSED_VARIABLE = YES;
				IPHONEOS_DEPLOYMENT_TARGET = 11.2;
				MTL_ENABLE_DEBUG_INFO = YES;
				ONLY_ACTIVE_ARCH = YES;
				SDKROOT = iphoneos;
			};
			name = Debug;
		};
		AC4DFBC920674BE500D13049 /* Release */ = {
			isa = XCBuildConfiguration;
			buildSettings = {
				ALWAYS_SEARCH_USER_PATHS = NO;
				CLANG_ANALYZER_NONNULL = YES;
				CLANG_ANALYZER_NUMBER_OBJECT_CONVERSION = YES_AGGRESSIVE;
				CLANG_CXX_LANGUAGE_STANDARD = "gnu++14";
				CLANG_CXX_LIBRARY = "libc++";
				CLANG_ENABLE_MODULES = YES;
				CLANG_ENABLE_OBJC_ARC = YES;
				CLANG_WARN_BLOCK_CAPTURE_AUTORELEASING = YES;
				CLANG_WARN_BOOL_CONVERSION = YES;
				CLANG_WARN_COMMA = YES;
				CLANG_WARN_CONSTANT_CONVERSION = YES;
				CLANG_WARN_DIRECT_OBJC_ISA_USAGE = YES_ERROR;
				CLANG_WARN_DOCUMENTATION_COMMENTS = YES;
				CLANG_WARN_EMPTY_BODY = YES;
				CLANG_WARN_ENUM_CONVERSION = YES;
				CLANG_WARN_INFINITE_RECURSION = YES;
				CLANG_WARN_INT_CONVERSION = YES;
				CLANG_WARN_NON_LITERAL_NULL_CONVERSION = YES;
				CLANG_WARN_OBJC_LITERAL_CONVERSION = YES;
				CLANG_WARN_OBJC_ROOT_CLASS = YES_ERROR;
				CLANG_WARN_RANGE_LOOP_ANALYSIS = YES;
				CLANG_WARN_STRICT_PROTOTYPES = YES;
				CLANG_WARN_SUSPICIOUS_MOVE = YES;
				CLANG_WARN_UNGUARDED_AVAILABILITY = YES_AGGRESSIVE;
				CLANG_WARN_UNREACHABLE_CODE = YES;
				CLANG_WARN__DUPLICATE_METHOD_MATCH = YES;
				CODE_SIGN_IDENTITY = "iPhone Developer";
				COPY_PHASE_STRIP = NO;
				DEBUG_INFORMATION_FORMAT = "dwarf-with-dsym";
				ENABLE_NS_ASSERTIONS = NO;
				ENABLE_STRICT_OBJC_MSGSEND = YES;
				GCC_C_LANGUAGE_STANDARD = gnu11;
				GCC_NO_COMMON_BLOCKS = YES;
				GCC_WARN_64_TO_32_BIT_CONVERSION = YES;
				GCC_WARN_ABOUT_RETURN_TYPE = YES_ERROR;
				GCC_WARN_UNDECLARED_SELECTOR = YES;
				GCC_WARN_UNINITIALIZED_AUTOS = YES_AGGRESSIVE;
				GCC_WARN_UNUSED_FUNCTION = YES;
				GCC_WARN_UNUSED_VARIABLE = YES;
				IPHONEOS_DEPLOYMENT_TARGET = 11.2;
				MTL_ENABLE_DEBUG_INFO = NO;
				SDKROOT = iphoneos;
				VALIDATE_PRODUCT = YES;
			};
			name = Release;
		};
		AC4DFBCB20674BE500D13049 /* Debug */ = {
			isa = XCBuildConfiguration;
			buildSettings = {
				ASSETCATALOG_COMPILER_APPICON_NAME = AppIcon;
				CODE_SIGN_STYLE = Automatic;
				DEVELOPMENT_TEAM = UCS53FT3U9;
				INFOPLIST_FILE = csClientDemo/Info.plist;
				IPHONEOS_DEPLOYMENT_TARGET = 9.0;
				LD_RUNPATH_SEARCH_PATHS = "$(inherited) @executable_path/Frameworks";
				PRODUCT_BUNDLE_IDENTIFIER = com.netviewtech.csClientDemo;
				PRODUCT_NAME = "$(TARGET_NAME)";
				TARGETED_DEVICE_FAMILY = "1,2";
			};
			name = Debug;
		};
		AC4DFBCC20674BE500D13049 /* Release */ = {
			isa = XCBuildConfiguration;
			buildSettings = {
				ASSETCATALOG_COMPILER_APPICON_NAME = AppIcon;
				CODE_SIGN_STYLE = Automatic;
				DEVELOPMENT_TEAM = UCS53FT3U9;
				INFOPLIST_FILE = csClientDemo/Info.plist;
				IPHONEOS_DEPLOYMENT_TARGET = 9.0;
				LD_RUNPATH_SEARCH_PATHS = "$(inherited) @executable_path/Frameworks";
				PRODUCT_BUNDLE_IDENTIFIER = com.netviewtech.csClientDemo;
				PRODUCT_NAME = "$(TARGET_NAME)";
				TARGETED_DEVICE_FAMILY = "1,2";
			};
			name = Release;
		};
		AC4DFBCE20674BE500D13049 /* Debug */ = {
			isa = XCBuildConfiguration;
			buildSettings = {
				BUNDLE_LOADER = "$(TEST_HOST)";
				CODE_SIGN_STYLE = Automatic;
				DEVELOPMENT_TEAM = UCS53FT3U9;
				INFOPLIST_FILE = csClientDemoTests/Info.plist;
				LD_RUNPATH_SEARCH_PATHS = "$(inherited) @executable_path/Frameworks @loader_path/Frameworks";
				PRODUCT_BUNDLE_IDENTIFIER = com.netviewtech.csClientDemoTests;
				PRODUCT_NAME = "$(TARGET_NAME)";
				TARGETED_DEVICE_FAMILY = "1,2";
				TEST_HOST = "$(BUILT_PRODUCTS_DIR)/csClientDemo.app/csClientDemo";
			};
			name = Debug;
		};
		AC4DFBCF20674BE500D13049 /* Release */ = {
			isa = XCBuildConfiguration;
			buildSettings = {
				BUNDLE_LOADER = "$(TEST_HOST)";
				CODE_SIGN_STYLE = Automatic;
				DEVELOPMENT_TEAM = UCS53FT3U9;
				INFOPLIST_FILE = csClientDemoTests/Info.plist;
				LD_RUNPATH_SEARCH_PATHS = "$(inherited) @executable_path/Frameworks @loader_path/Frameworks";
				PRODUCT_BUNDLE_IDENTIFIER = com.netviewtech.csClientDemoTests;
				PRODUCT_NAME = "$(TARGET_NAME)";
				TARGETED_DEVICE_FAMILY = "1,2";
				TEST_HOST = "$(BUILT_PRODUCTS_DIR)/csClientDemo.app/csClientDemo";
			};
			name = Release;
		};
		AC4DFBD120674BE500D13049 /* Debug */ = {
			isa = XCBuildConfiguration;
			buildSettings = {
				CODE_SIGN_STYLE = Automatic;
				DEVELOPMENT_TEAM = UCS53FT3U9;
				INFOPLIST_FILE = csClientDemoUITests/Info.plist;
				LD_RUNPATH_SEARCH_PATHS = "$(inherited) @executable_path/Frameworks @loader_path/Frameworks";
				PRODUCT_BUNDLE_IDENTIFIER = com.netviewtech.csClientDemoUITests;
				PRODUCT_NAME = "$(TARGET_NAME)";
				TARGETED_DEVICE_FAMILY = "1,2";
				TEST_TARGET_NAME = csClientDemo;
			};
			name = Debug;
		};
		AC4DFBD220674BE500D13049 /* Release */ = {
			isa = XCBuildConfiguration;
			buildSettings = {
				CODE_SIGN_STYLE = Automatic;
				DEVELOPMENT_TEAM = UCS53FT3U9;
				INFOPLIST_FILE = csClientDemoUITests/Info.plist;
				LD_RUNPATH_SEARCH_PATHS = "$(inherited) @executable_path/Frameworks @loader_path/Frameworks";
				PRODUCT_BUNDLE_IDENTIFIER = com.netviewtech.csClientDemoUITests;
				PRODUCT_NAME = "$(TARGET_NAME)";
				TARGETED_DEVICE_FAMILY = "1,2";
				TEST_TARGET_NAME = csClientDemo;
			};
			name = Release;
		};
/* End XCBuildConfiguration section */

/* Begin XCConfigurationList section */
		AC4DFB9920674BE500D13049 /* Build configuration list for PBXProject "csClientDemo" */ = {
			isa = XCConfigurationList;
			buildConfigurations = (
				AC4DFBC820674BE500D13049 /* Debug */,
				AC4DFBC920674BE500D13049 /* Release */,
			);
			defaultConfigurationIsVisible = 0;
			defaultConfigurationName = Release;
		};
		AC4DFBCA20674BE500D13049 /* Build configuration list for PBXNativeTarget "csClientDemo" */ = {
			isa = XCConfigurationList;
			buildConfigurations = (
				AC4DFBCB20674BE500D13049 /* Debug */,
				AC4DFBCC20674BE500D13049 /* Release */,
			);
			defaultConfigurationIsVisible = 0;
			defaultConfigurationName = Release;
		};
		AC4DFBCD20674BE500D13049 /* Build configuration list for PBXNativeTarget "csClientDemoTests" */ = {
			isa = XCConfigurationList;
			buildConfigurations = (
				AC4DFBCE20674BE500D13049 /* Debug */,
				AC4DFBCF20674BE500D13049 /* Release */,
			);
			defaultConfigurationIsVisible = 0;
			defaultConfigurationName = Release;
		};
		AC4DFBD020674BE500D13049 /* Build configuration list for PBXNativeTarget "csClientDemoUITests" */ = {
			isa = XCConfigurationList;
			buildConfigurations = (
				AC4DFBD120674BE500D13049 /* Debug */,
				AC4DFBD220674BE500D13049 /* Release */,
			);
			defaultConfigurationIsVisible = 0;
			defaultConfigurationName = Release;
		};
/* End XCConfigurationList section */
	};
	rootObject = AC4DFB9620674BE500D13049 /* Project object */;
}
