// !$*UTF8*$!
{
	archiveVersion = 1;
	classes = {
	};
	objectVersion = 48;
	objects = {

/* Begin PBXBuildFile section */
		635D2457204D89DA000063A4 /* AppDelegate.m in Sources */ = {isa = PBXBuildFile; fileRef = 635D2456204D89DA000063A4 /* AppDelegate.m */; };
		635D245A204D89DA000063A4 /* ViewController.m in Sources */ = {isa = PBXBuildFile; fileRef = 635D2459204D89DA000063A4 /* ViewController.m */; };
		635D245D204D89DA000063A4 /* Main.storyboard in Resources */ = {isa = PBXBuildFile; fileRef = 635D245B204D89DA000063A4 /* Main.storyboard */; };
		635D245F204D89DA000063A4 /* Assets.xcassets in Resources */ = {isa = PBXBuildFile; fileRef = 635D245E204D89DA000063A4 /* Assets.xcassets */; };
		635D2462204D89DA000063A4 /* LaunchScreen.storyboard in Resources */ = {isa = PBXBuildFile; fileRef = 635D2460204D89DA000063A4 /* LaunchScreen.storyboard */; };
		635D2465204D89DA000063A4 /* main.m in Sources */ = {isa = PBXBuildFile; fileRef = 635D2464204D89DA000063A4 /* main.m */; };
		635D246F204D89DB000063A4 /* BlockUITests.m in Sources */ = {isa = PBXBuildFile; fileRef = 635D246E204D89DB000063A4 /* BlockUITests.m */; };
		635D247B204D8A00000063A4 /* MCBlock.m in Sources */ = {isa = PBXBuildFile; fileRef = 635D247A204D8A00000063A4 /* MCBlock.m */; };
/* End PBXBuildFile section */

/* Begin PBXContainerItemProxy section */
		635D246B204D89DB000063A4 /* PBXContainerItemProxy */ = {
			isa = PBXContainerItemProxy;
			containerPortal = 635D244A204D89DA000063A4 /* Project object */;
			proxyType = 1;
			remoteGlobalIDString = 635D2451204D89DA000063A4;
			remoteInfo = Block;
		};
/* End PBXContainerItemProxy section */

/* Begin PBXFileReference section */
		635D2452204D89DA000063A4 /* Block.app */ = {isa = PBXFileReference; explicitFileType = wrapper.application; includeInIndex = 0; path = Block.app; sourceTree = BUILT_PRODUCTS_DIR; };
		635D2455204D89DA000063A4 /* AppDelegate.h */ = {isa = PBXFileReference; lastKnownFileType = sourcecode.c.h; path = AppDelegate.h; sourceTree = "<group>"; };
		635D2456204D89DA000063A4 /* AppDelegate.m */ = {isa = PBXFileReference; lastKnownFileType = sourcecode.c.objc; path = AppDelegate.m; sourceTree = "<group>"; };
		635D2458204D89DA000063A4 /* ViewController.h */ = {isa = PBXFileReference; lastKnownFileType = sourcecode.c.h; path = ViewController.h; sourceTree = "<group>"; };
		635D2459204D89DA000063A4 /* ViewController.m */ = {isa = PBXFileReference; lastKnownFileType = sourcecode.c.objc; path = ViewController.m; sourceTree = "<group>"; };
		635D245C204D89DA000063A4 /* Base */ = {isa = PBXFileReference; lastKnownFileType = file.storyboard; name = Base; path = Base.lproj/Main.storyboard; sourceTree = "<group>"; };
		635D245E204D89DA000063A4 /* Assets.xcassets */ = {isa = PBXFileReference; lastKnownFileType = folder.assetcatalog; path = Assets.xcassets; sourceTree = "<group>"; };
		635D2461204D89DA000063A4 /* Base */ = {isa = PBXFileReference; lastKnownFileType = file.storyboard; name = Base; path = Base.lproj/LaunchScreen.storyboard; sourceTree = "<group>"; };
		635D2463204D89DA000063A4 /* Info.plist */ = {isa = PBXFileReference; lastKnownFileType = text.plist.xml; path = Info.plist; sourceTree = "<group>"; };
		635D2464204D89DA000063A4 /* main.m */ = {isa = PBXFileReference; lastKnownFileType = sourcecode.c.objc; path = main.m; sourceTree = "<group>"; };
		635D246A204D89DB000063A4 /* BlockUITests.xctest */ = {isa = PBXFileReference; explicitFileType = wrapper.cfbundle; includeInIndex = 0; path = BlockUITests.xctest; sourceTree = BUILT_PRODUCTS_DIR; };
		635D246E204D89DB000063A4 /* BlockUITests.m */ = {isa = PBXFileReference; lastKnownFileType = sourcecode.c.objc; path = BlockUITests.m; sourceTree = "<group>"; };
		635D2470204D89DB000063A4 /* Info.plist */ = {isa = PBXFileReference; lastKnownFileType = text.plist.xml; path = Info.plist; sourceTree = "<group>"; };
		635D2479204D8A00000063A4 /* MCBlock.h */ = {isa = PBXFileReference; lastKnownFileType = sourcecode.c.h; path = MCBlock.h; sourceTree = "<group>"; };
		635D247A204D8A00000063A4 /* MCBlock.m */ = {isa = PBXFileReference; lastKnownFileType = sourcecode.c.objc; path = MCBlock.m; sourceTree = "<group>"; };
/* End PBXFileReference section */

/* Begin PBXFrameworksBuildPhase section */
		635D244F204D89DA000063A4 /* Frameworks */ = {
			isa = PBXFrameworksBuildPhase;
			buildActionMask = 2147483647;
			files = (
			);
			runOnlyForDeploymentPostprocessing = 0;
		};
		635D2467204D89DB000063A4 /* Frameworks */ = {
			isa = PBXFrameworksBuildPhase;
			buildActionMask = 2147483647;
			files = (
			);
			runOnlyForDeploymentPostprocessing = 0;
		};
/* End PBXFrameworksBuildPhase section */

/* Begin PBXGroup section */
		635D2449204D89DA000063A4 = {
			isa = PBXGroup;
			children = (
				635D2479204D8A00000063A4 /* MCBlock.h */,
				635D247A204D8A00000063A4 /* MCBlock.m */,
				635D2454204D89DA000063A4 /* Block */,
				635D246D204D89DB000063A4 /* BlockUITests */,
				635D2453204D89DA000063A4 /* Products */,
			);
			sourceTree = "<group>";
		};
		635D2453204D89DA000063A4 /* Products */ = {
			isa = PBXGroup;
			children = (
				635D2452204D89DA000063A4 /* Block.app */,
				635D246A204D89DB000063A4 /* BlockUITests.xctest */,
			);
			name = Products;
			sourceTree = "<group>";
		};
		635D2454204D89DA000063A4 /* Block */ = {
			isa = PBXGroup;
			children = (
				635D2455204D89DA000063A4 /* AppDelegate.h */,
				635D2456204D89DA000063A4 /* AppDelegate.m */,
				635D2458204D89DA000063A4 /* ViewController.h */,
				635D2459204D89DA000063A4 /* ViewController.m */,
				635D245B204D89DA000063A4 /* Main.storyboard */,
				635D245E204D89DA000063A4 /* Assets.xcassets */,
				635D2460204D89DA000063A4 /* LaunchScreen.storyboard */,
				635D2463204D89DA000063A4 /* Info.plist */,
				635D2464204D89DA000063A4 /* main.m */,
			);
			path = Block;
			sourceTree = "<group>";
		};
		635D246D204D89DB000063A4 /* BlockUITests */ = {
			isa = PBXGroup;
			children = (
				635D246E204D89DB000063A4 /* BlockUITests.m */,
				635D2470204D89DB000063A4 /* Info.plist */,
			);
			path = BlockUITests;
			sourceTree = "<group>";
		};
/* End PBXGroup section */

/* Begin PBXNativeTarget section */
		635D2451204D89DA000063A4 /* Block */ = {
			isa = PBXNativeTarget;
			buildConfigurationList = 635D2473204D89DB000063A4 /* Build configuration list for PBXNativeTarget "Block" */;
			buildPhases = (
				635D244E204D89DA000063A4 /* Sources */,
				635D244F204D89DA000063A4 /* Frameworks */,
				635D2450204D89DA000063A4 /* Resources */,
			);
			buildRules = (
			);
			dependencies = (
			);
			name = Block;
			productName = Block;
			productReference = 635D2452204D89DA000063A4 /* Block.app */;
			productType = "com.apple.product-type.application";
		};
		635D2469204D89DB000063A4 /* BlockUITests */ = {
			isa = PBXNativeTarget;
			buildConfigurationList = 635D2476204D89DB000063A4 /* Build configuration list for PBXNativeTarget "BlockUITests" */;
			buildPhases = (
				635D2466204D89DB000063A4 /* Sources */,
				635D2467204D89DB000063A4 /* Frameworks */,
				635D2468204D89DB000063A4 /* Resources */,
			);
			buildRules = (
			);
			dependencies = (
				635D246C204D89DB000063A4 /* PBXTargetDependency */,
			);
			name = BlockUITests;
			productName = BlockUITests;
			productReference = 635D246A204D89DB000063A4 /* BlockUITests.xctest */;
			productType = "com.apple.product-type.bundle.ui-testing";
		};
/* End PBXNativeTarget section */

/* Begin PBXProject section */
		635D244A204D89DA000063A4 /* Project object */ = {
			isa = PBXProject;
			attributes = {
				LastUpgradeCheck = 0910;
				ORGANIZATIONNAME = yangyang;
				TargetAttributes = {
					635D2451204D89DA000063A4 = {
						CreatedOnToolsVersion = 9.1;
						ProvisioningStyle = Automatic;
					};
					635D2469204D89DB000063A4 = {
						CreatedOnToolsVersion = 9.1;
						ProvisioningStyle = Automatic;
						TestTargetID = 635D2451204D89DA000063A4;
					};
				};
			};
			buildConfigurationList = 635D244D204D89DA000063A4 /* Build configuration list for PBXProject "Block" */;
			compatibilityVersion = "Xcode 8.0";
			developmentRegion = en;
			hasScannedForEncodings = 0;
			knownRegions = (
				en,
				Base,
			);
			mainGroup = 635D2449204D89DA000063A4;
			productRefGroup = 635D2453204D89DA000063A4 /* Products */;
			projectDirPath = "";
			projectRoot = "";
			targets = (
				635D2451204D89DA000063A4 /* Block */,
				635D2469204D89DB000063A4 /* BlockUITests */,
			);
		};
/* End PBXProject section */

/* Begin PBXResourcesBuildPhase section */
		635D2450204D89DA000063A4 /* Resources */ = {
			isa = PBXResourcesBuildPhase;
			buildActionMask = 2147483647;
			files = (
				635D2462204D89DA000063A4 /* LaunchScreen.storyboard in Resources */,
				635D245F204D89DA000063A4 /* Assets.xcassets in Resources */,
				635D245D204D89DA000063A4 /* Main.storyboard in Resources */,
			);
			runOnlyForDeploymentPostprocessing = 0;
		};
		635D2468204D89DB000063A4 /* Resources */ = {
			isa = PBXResourcesBuildPhase;
			buildActionMask = 2147483647;
			files = (
			);
			runOnlyForDeploymentPostprocessing = 0;
		};
/* End PBXResourcesBuildPhase section */

/* Begin PBXSourcesBuildPhase section */
		635D244E204D89DA000063A4 /* Sources */ = {
			isa = PBXSourcesBuildPhase;
			buildActionMask = 2147483647;
			files = (
				635D245A204D89DA000063A4 /* ViewController.m in Sources */,
				635D2465204D89DA000063A4 /* main.m in Sources */,
				635D2457204D89DA000063A4 /* AppDelegate.m in Sources */,
				635D247B204D8A00000063A4 /* MCBlock.m in Sources */,
			);
			runOnlyForDeploymentPostprocessing = 0;
		};
		635D2466204D89DB000063A4 /* Sources */ = {
			isa = PBXSourcesBuildPhase;
			buildActionMask = 2147483647;
			files = (
				635D246F204D89DB000063A4 /* BlockUITests.m in Sources */,
			);
			runOnlyForDeploymentPostprocessing = 0;
		};
/* End PBXSourcesBuildPhase section */

/* Begin PBXTargetDependency section */
		635D246C204D89DB000063A4 /* PBXTargetDependency */ = {
			isa = PBXTargetDependency;
			target = 635D2451204D89DA000063A4 /* Block */;
			targetProxy = 635D246B204D89DB000063A4 /* PBXContainerItemProxy */;
		};
/* End PBXTargetDependency section */

/* Begin PBXVariantGroup section */
		635D245B204D89DA000063A4 /* Main.storyboard */ = {
			isa = PBXVariantGroup;
			children = (
				635D245C204D89DA000063A4 /* Base */,
			);
			name = Main.storyboard;
			sourceTree = "<group>";
		};
		635D2460204D89DA000063A4 /* LaunchScreen.storyboard */ = {
			isa = PBXVariantGroup;
			children = (
				635D2461204D89DA000063A4 /* Base */,
			);
			name = LaunchScreen.storyboard;
			sourceTree = "<group>";
		};
/* End PBXVariantGroup section */

/* Begin XCBuildConfiguration section */
		635D2471204D89DB000063A4 /* Debug */ = {
			isa = XCBuildConfiguration;
			buildSettings = {
				ALWAYS_SEARCH_USER_PATHS = NO;
				CLANG_ANALYZER_NONNULL = YES;
				CLANG_ANALYZER_NUMBER_OBJECT_CONVERSION = YES_AGGRESSIVE;
				CLANG_CXX_LANGUAGE_STANDARD = "gnu++14";
				CLANG_CXX_LIBRARY = "libc++";
				CLANG_ENABLE_MODULES = YES;
				CLANG_ENABLE_OBJC_ARC = YES;
				CLANG_WARN_BLOCK_CAPTURE_AUTORELEASING = YES;
				CLANG_WARN_BOOL_CONVERSION = YES;
				CLANG_WARN_COMMA = YES;
				CLANG_WARN_CONSTANT_CONVERSION = YES;
				CLANG_WARN_DIRECT_OBJC_ISA_USAGE = YES_ERROR;
				CLANG_WARN_DOCUMENTATION_COMMENTS = YES;
				CLANG_WARN_EMPTY_BODY = YES;
				CLANG_WARN_ENUM_CONVERSION = YES;
				CLANG_WARN_INFINITE_RECURSION = YES;
				CLANG_WARN_INT_CONVERSION = YES;
				CLANG_WARN_NON_LITERAL_NULL_CONVERSION = YES;
				CLANG_WARN_OBJC_LITERAL_CONVERSION = YES;
				CLANG_WARN_OBJC_ROOT_CLASS = YES_ERROR;
				CLANG_WARN_RANGE_LOOP_ANALYSIS = YES;
				CLANG_WARN_STRICT_PROTOTYPES = YES;
				CLANG_WARN_SUSPICIOUS_MOVE = YES;
				CLANG_WARN_UNGUARDED_AVAILABILITY = YES_AGGRESSIVE;
				CLANG_WARN_UNREACHABLE_CODE = YES;
				CLANG_WARN__DUPLICATE_METHOD_MATCH = YES;
				CODE_SIGN_IDENTITY = "iPhone Developer";
				COPY_PHASE_STRIP = NO;
				DEBUG_INFORMATION_FORMAT = dwarf;
				ENABLE_STRICT_OBJC_MSGSEND = YES;
				ENABLE_TESTABILITY = YES;
				GCC_C_LANGUAGE_STANDARD = gnu11;
				GCC_DYNAMIC_NO_PIC = NO;
				GCC_NO_COMMON_BLOCKS = YES;
				GCC_OPTIMIZATION_LEVEL = 0;
				GCC_PREPROCESSOR_DEFINITIONS = (
					"DEBUG=1",
					"$(inherited)",
				);
				GCC_WARN_64_TO_32_BIT_CONVERSION = YES;
				GCC_WARN_ABOUT_RETURN_TYPE = YES_ERROR;
				GCC_WARN_UNDECLARED_SELECTOR = YES;
				GCC_WARN_UNINITIALIZED_AUTOS = YES_AGGRESSIVE;
				GCC_WARN_UNUSED_FUNCTION = YES;
				GCC_WARN_UNUSED_VARIABLE = YES;
				IPHONEOS_DEPLOYMENT_TARGET = 11.1;
				MTL_ENABLE_DEBUG_INFO = YES;
				ONLY_ACTIVE_ARCH = YES;
				SDKROOT = iphoneos;
			};
			name = Debug;
		};
		635D2472204D89DB000063A4 /* Release */ = {
			isa = XCBuildConfiguration;
			buildSettings = {
				ALWAYS_SEARCH_USER_PATHS = NO;
				CLANG_ANALYZER_NONNULL = YES;
				CLANG_ANALYZER_NUMBER_OBJECT_CONVERSION = YES_AGGRESSIVE;
				CLANG_CXX_LANGUAGE_STANDARD = "gnu++14";
				CLANG_CXX_LIBRARY = "libc++";
				CLANG_ENABLE_MODULES = YES;
				CLANG_ENABLE_OBJC_ARC = YES;
				CLANG_WARN_BLOCK_CAPTURE_AUTORELEASING = YES;
				CLANG_WARN_BOOL_CONVERSION = YES;
				CLANG_WARN_COMMA = YES;
				CLANG_WARN_CONSTANT_CONVERSION = YES;
				CLANG_WARN_DIRECT_OBJC_ISA_USAGE = YES_ERROR;
				CLANG_WARN_DOCUMENTATION_COMMENTS = YES;
				CLANG_WARN_EMPTY_BODY = YES;
				CLANG_WARN_ENUM_CONVERSION = YES;
				CLANG_WARN_INFINITE_RECURSION = YES;
				CLANG_WARN_INT_CONVERSION = YES;
				CLANG_WARN_NON_LITERAL_NULL_CONVERSION = YES;
				CLANG_WARN_OBJC_LITERAL_CONVERSION = YES;
				CLANG_WARN_OBJC_ROOT_CLASS = YES_ERROR;
				CLANG_WARN_RANGE_LOOP_ANALYSIS = YES;
				CLANG_WARN_STRICT_PROTOTYPES = YES;
				CLANG_WARN_SUSPICIOUS_MOVE = YES;
				CLANG_WARN_UNGUARDED_AVAILABILITY = YES_AGGRESSIVE;
				CLANG_WARN_UNREACHABLE_CODE = YES;
				CLANG_WARN__DUPLICATE_METHOD_MATCH = YES;
				CODE_SIGN_IDENTITY = "iPhone Developer";
				COPY_PHASE_STRIP = NO;
				DEBUG_INFORMATION_FORMAT = "dwarf-with-dsym";
				ENABLE_NS_ASSERTIONS = NO;
				ENABLE_STRICT_OBJC_MSGSEND = YES;
				GCC_C_LANGUAGE_STANDARD = gnu11;
				GCC_NO_COMMON_BLOCKS = YES;
				GCC_WARN_64_TO_32_BIT_CONVERSION = YES;
				GCC_WARN_ABOUT_RETURN_TYPE = YES_ERROR;
				GCC_WARN_UNDECLARED_SELECTOR = YES;
				GCC_WARN_UNINITIALIZED_AUTOS = YES_AGGRESSIVE;
				GCC_WARN_UNUSED_FUNCTION = YES;
				GCC_WARN_UNUSED_VARIABLE = YES;
				IPHONEOS_DEPLOYMENT_TARGET = 11.1;
				MTL_ENABLE_DEBUG_INFO = NO;
				SDKROOT = iphoneos;
				VALIDATE_PRODUCT = YES;
			};
			name = Release;
		};
		635D2474204D89DB000063A4 /* Debug */ = {
			isa = XCBuildConfiguration;
			buildSettings = {
				ASSETCATALOG_COMPILER_APPICON_NAME = AppIcon;
				CODE_SIGN_STYLE = Automatic;
				INFOPLIST_FILE = Block/Info.plist;
				LD_RUNPATH_SEARCH_PATHS = "$(inherited) @executable_path/Frameworks";
				PRODUCT_BUNDLE_IDENTIFIER = com.imooc.www.Block;
				PRODUCT_NAME = "$(TARGET_NAME)";
				TARGETED_DEVICE_FAMILY = "1,2";
			};
			name = Debug;
		};
		635D2475204D89DB000063A4 /* Release */ = {
			isa = XCBuildConfiguration;
			buildSettings = {
				ASSETCATALOG_COMPILER_APPICON_NAME = AppIcon;
				CODE_SIGN_STYLE = Automatic;
				INFOPLIST_FILE = Block/Info.plist;
				LD_RUNPATH_SEARCH_PATHS = "$(inherited) @executable_path/Frameworks";
				PRODUCT_BUNDLE_IDENTIFIER = com.imooc.www.Block;
				PRODUCT_NAME = "$(TARGET_NAME)";
				TARGETED_DEVICE_FAMILY = "1,2";
			};
			name = Release;
		};
		635D2477204D89DB000063A4 /* Debug */ = {
			isa = XCBuildConfiguration;
			buildSettings = {
				CODE_SIGN_STYLE = Automatic;
				INFOPLIST_FILE = BlockUITests/Info.plist;
				LD_RUNPATH_SEARCH_PATHS = "$(inherited) @executable_path/Frameworks @loader_path/Frameworks";
				PRODUCT_BUNDLE_IDENTIFIER = com.imooc.www.BlockUITests;
				PRODUCT_NAME = "$(TARGET_NAME)";
				TARGETED_DEVICE_FAMILY = "1,2";
				TEST_TARGET_NAME = Block;
			};
			name = Debug;
		};
		635D2478204D89DB000063A4 /* Release */ = {
			isa = XCBuildConfiguration;
			buildSettings = {
				CODE_SIGN_STYLE = Automatic;
				INFOPLIST_FILE = BlockUITests/Info.plist;
				LD_RUNPATH_SEARCH_PATHS = "$(inherited) @executable_path/Frameworks @loader_path/Frameworks";
				PRODUCT_BUNDLE_IDENTIFIER = com.imooc.www.BlockUITests;
				PRODUCT_NAME = "$(TARGET_NAME)";
				TARGETED_DEVICE_FAMILY = "1,2";
				TEST_TARGET_NAME = Block;
			};
			name = Release;
		};
/* End XCBuildConfiguration section */

/* Begin XCConfigurationList section */
		635D244D204D89DA000063A4 /* Build configuration list for PBXProject "Block" */ = {
			isa = XCConfigurationList;
			buildConfigurations = (
				635D2471204D89DB000063A4 /* Debug */,
				635D2472204D89DB000063A4 /* Release */,
			);
			defaultConfigurationIsVisible = 0;
			defaultConfigurationName = Release;
		};
		635D2473204D89DB000063A4 /* Build configuration list for PBXNativeTarget "Block" */ = {
			isa = XCConfigurationList;
			buildConfigurations = (
				635D2474204D89DB000063A4 /* Debug */,
				635D2475204D89DB000063A4 /* Release */,
			);
			defaultConfigurationIsVisible = 0;
			defaultConfigurationName = Release;
		};
		635D2476204D89DB000063A4 /* Build configuration list for PBXNativeTarget "BlockUITests" */ = {
			isa = XCConfigurationList;
			buildConfigurations = (
				635D2477204D89DB000063A4 /* Debug */,
				635D2478204D89DB000063A4 /* Release */,
			);
			defaultConfigurationIsVisible = 0;
			defaultConfigurationName = Release;
		};
/* End XCConfigurationList section */
	};
	rootObject = 635D244A204D89DA000063A4 /* Project object */;
}
